// !$*UTF8*$!
{
	archiveVersion = 1;
	classes = {
	};
	objectVersion = 46;
	objects = {

/* Begin PBXBuildFile section */
		2B261051199B61C300A0E0EF /* NSArrayExt.m in Sources */ = {isa = PBXBuildFile; fileRef = 2B260FF2199B61C200A0E0EF /* NSArrayExt.m */; };
		2B261052199B61C300A0E0EF /* NSClassExt.m in Sources */ = {isa = PBXBuildFile; fileRef = 2B260FF4199B61C200A0E0EF /* NSClassExt.m */; };
		2B261053199B61C300A0E0EF /* NSDateExt.m in Sources */ = {isa = PBXBuildFile; fileRef = 2B260FF6199B61C200A0E0EF /* NSDateExt.m */; };
		2B261054199B61C300A0E0EF /* NSDictionaryExt.m in Sources */ = {isa = PBXBuildFile; fileRef = 2B260FF8199B61C200A0E0EF /* NSDictionaryExt.m */; };
		2B261055199B61C300A0E0EF /* NSNumberExt.m in Sources */ = {isa = PBXBuildFile; fileRef = 2B260FFA199B61C200A0E0EF /* NSNumberExt.m */; };
		2B261056199B61C300A0E0EF /* NSObjectExt.m in Sources */ = {isa = PBXBuildFile; fileRef = 2B260FFC199B61C200A0E0EF /* NSObjectExt.m */; };
		2B261057199B61C300A0E0EF /* NSStringExt.m in Sources */ = {isa = PBXBuildFile; fileRef = 2B260FFE199B61C200A0E0EF /* NSStringExt.m */; };
		2B261058199B61C300A0E0EF /* NSValueExt.m in Sources */ = {isa = PBXBuildFile; fileRef = 2B261000199B61C300A0E0EF /* NSValueExt.m */; };
		2B261059199B61C300A0E0EF /* UnitTestUI.m in Sources */ = {isa = PBXBuildFile; fileRef = 2B261003199B61C300A0E0EF /* UnitTestUI.m */; };
		2B26105A199B61C300A0E0EF /* Logger.m in Sources */ = {isa = PBXBuildFile; fileRef = 2B261006199B61C300A0E0EF /* Logger.m */; };
		2B26105B199B61C300A0E0EF /* TestSuite.swift in Sources */ = {isa = PBXBuildFile; fileRef = 2B261007199B61C300A0E0EF /* TestSuite.swift */; };
		2B26105C199B61C300A0E0EF /* UnitTest.m in Sources */ = {isa = PBXBuildFile; fileRef = 2B261009199B61C300A0E0EF /* UnitTest.m */; };
		2B26105D199B61C300A0E0EF /* GCDAsyncSocket.m in Sources */ = {isa = PBXBuildFile; fileRef = 2B26100E199B61C300A0E0EF /* GCDAsyncSocket.m */; };
		2B26105E199B61C300A0E0EF /* DDAbstractDatabaseLogger.m in Sources */ = {isa = PBXBuildFile; fileRef = 2B261011199B61C300A0E0EF /* DDAbstractDatabaseLogger.m */; };
		2B26105F199B61C300A0E0EF /* DDASLLogger.m in Sources */ = {isa = PBXBuildFile; fileRef = 2B261013199B61C300A0E0EF /* DDASLLogger.m */; };
		2B261060199B61C300A0E0EF /* DDFileLogger.m in Sources */ = {isa = PBXBuildFile; fileRef = 2B261015199B61C300A0E0EF /* DDFileLogger.m */; };
		2B261061199B61C300A0E0EF /* DDLog.m in Sources */ = {isa = PBXBuildFile; fileRef = 2B261017199B61C300A0E0EF /* DDLog.m */; };
		2B261062199B61C300A0E0EF /* DDTTYLogger.m in Sources */ = {isa = PBXBuildFile; fileRef = 2B261019199B61C300A0E0EF /* DDTTYLogger.m */; };
		2B261063199B61C300A0E0EF /* ContextFilterLogFormatter.m in Sources */ = {isa = PBXBuildFile; fileRef = 2B26101C199B61C300A0E0EF /* ContextFilterLogFormatter.m */; };
		2B261064199B61C300A0E0EF /* DispatchQueueLogFormatter.m in Sources */ = {isa = PBXBuildFile; fileRef = 2B26101E199B61C300A0E0EF /* DispatchQueueLogFormatter.m */; };
		2B261065199B61C300A0E0EF /* README.txt in Resources */ = {isa = PBXBuildFile; fileRef = 2B26101F199B61C300A0E0EF /* README.txt */; };
		2B261066199B61C300A0E0EF /* DDData.m in Sources */ = {isa = PBXBuildFile; fileRef = 2B261023199B61C300A0E0EF /* DDData.m */; };
		2B261067199B61C300A0E0EF /* DDNumber.m in Sources */ = {isa = PBXBuildFile; fileRef = 2B261025199B61C300A0E0EF /* DDNumber.m */; };
		2B261068199B61C300A0E0EF /* DDRange.m in Sources */ = {isa = PBXBuildFile; fileRef = 2B261027199B61C300A0E0EF /* DDRange.m */; };
		2B261069199B61C300A0E0EF /* HTTPAuthenticationRequest.m in Sources */ = {isa = PBXBuildFile; fileRef = 2B261029199B61C300A0E0EF /* HTTPAuthenticationRequest.m */; };
		2B26106A199B61C300A0E0EF /* HTTPConnection.m in Sources */ = {isa = PBXBuildFile; fileRef = 2B26102B199B61C300A0E0EF /* HTTPConnection.m */; };
		2B26106B199B61C300A0E0EF /* HTTPMessage.m in Sources */ = {isa = PBXBuildFile; fileRef = 2B26102E199B61C300A0E0EF /* HTTPMessage.m */; };
		2B26106C199B61C300A0E0EF /* HTTPServer.m in Sources */ = {isa = PBXBuildFile; fileRef = 2B261031199B61C300A0E0EF /* HTTPServer.m */; };
		2B26106D199B61C300A0E0EF /* MultipartFormDataParser.m in Sources */ = {isa = PBXBuildFile; fileRef = 2B261034199B61C300A0E0EF /* MultipartFormDataParser.m */; };
		2B26106E199B61C300A0E0EF /* MultipartMessageHeader.m in Sources */ = {isa = PBXBuildFile; fileRef = 2B261036199B61C300A0E0EF /* MultipartMessageHeader.m */; };
		2B26106F199B61C300A0E0EF /* MultipartMessageHeaderField.m in Sources */ = {isa = PBXBuildFile; fileRef = 2B261038199B61C300A0E0EF /* MultipartMessageHeaderField.m */; };
		2B261070199B61C300A0E0EF /* HTTPAsyncFileResponse.m in Sources */ = {isa = PBXBuildFile; fileRef = 2B26103B199B61C300A0E0EF /* HTTPAsyncFileResponse.m */; };
		2B261071199B61C300A0E0EF /* HTTPDataResponse.m in Sources */ = {isa = PBXBuildFile; fileRef = 2B26103D199B61C300A0E0EF /* HTTPDataResponse.m */; };
		2B261072199B61C300A0E0EF /* HTTPDynamicFileResponse.m in Sources */ = {isa = PBXBuildFile; fileRef = 2B26103F199B61C300A0E0EF /* HTTPDynamicFileResponse.m */; };
		2B261073199B61C300A0E0EF /* HTTPErrorResponse.m in Sources */ = {isa = PBXBuildFile; fileRef = 2B261041199B61C300A0E0EF /* HTTPErrorResponse.m */; };
		2B261074199B61C300A0E0EF /* HTTPFileResponse.m in Sources */ = {isa = PBXBuildFile; fileRef = 2B261043199B61C300A0E0EF /* HTTPFileResponse.m */; };
		2B261075199B61C300A0E0EF /* HTTPRedirectResponse.m in Sources */ = {isa = PBXBuildFile; fileRef = 2B261045199B61C300A0E0EF /* HTTPRedirectResponse.m */; };
		2B261076199B61C300A0E0EF /* WebSocket.m in Sources */ = {isa = PBXBuildFile; fileRef = 2B261047199B61C300A0E0EF /* WebSocket.m */; };
		2B261077199B61C300A0E0EF /* Console.m in Sources */ = {isa = PBXBuildFile; fileRef = 2B26104A199B61C300A0E0EF /* Console.m */; };
		2B261078199B61C300A0E0EF /* NSStringConsoleExt.m in Sources */ = {isa = PBXBuildFile; fileRef = 2B26104C199B61C300A0E0EF /* NSStringConsoleExt.m */; };
		2B261079199B61C300A0E0EF /* ResponseHandler.m in Sources */ = {isa = PBXBuildFile; fileRef = 2B26104E199B61C300A0E0EF /* ResponseHandler.m */; };
		2B26107A199B61C300A0E0EF /* UIViewConsoleExt.m in Sources */ = {isa = PBXBuildFile; fileRef = 2B261050199B61C300A0E0EF /* UIViewConsoleExt.m */; };
		2B261083199B61DE00A0E0EF /* TestArray.m in Sources */ = {isa = PBXBuildFile; fileRef = 2B26107C199B61DE00A0E0EF /* TestArray.m */; };
		2B261084199B61DE00A0E0EF /* TestClass.m in Sources */ = {isa = PBXBuildFile; fileRef = 2B26107D199B61DE00A0E0EF /* TestClass.m */; };
		2B261085199B61DE00A0E0EF /* TestDate.m in Sources */ = {isa = PBXBuildFile; fileRef = 2B26107E199B61DE00A0E0EF /* TestDate.m */; };
		2B261086199B61DE00A0E0EF /* TestDictionary.m in Sources */ = {isa = PBXBuildFile; fileRef = 2B26107F199B61DE00A0E0EF /* TestDictionary.m */; };
		2B261087199B61DE00A0E0EF /* TestNumber.m in Sources */ = {isa = PBXBuildFile; fileRef = 2B261080199B61DE00A0E0EF /* TestNumber.m */; };
		2B261088199B61DE00A0E0EF /* TestObject.m in Sources */ = {isa = PBXBuildFile; fileRef = 2B261081199B61DE00A0E0EF /* TestObject.m */; };
		2B261089199B61DE00A0E0EF /* TestString.m in Sources */ = {isa = PBXBuildFile; fileRef = 2B261082199B61DE00A0E0EF /* TestString.m */; };
		2B26108C199B620800A0E0EF /* TestSwift.swift in Sources */ = {isa = PBXBuildFile; fileRef = 2B26108B199B620800A0E0EF /* TestSwift.swift */; };
		2B373F3D19816EF800C91A9E /* AppDelegate.swift in Sources */ = {isa = PBXBuildFile; fileRef = 2B373F3C19816EF800C91A9E /* AppDelegate.swift */; };
		2B373F3F19816EF800C91A9E /* ViewController.swift in Sources */ = {isa = PBXBuildFile; fileRef = 2B373F3E19816EF800C91A9E /* ViewController.swift */; };
		2B373F4219816EF800C91A9E /* Main.storyboard in Resources */ = {isa = PBXBuildFile; fileRef = 2B373F4019816EF800C91A9E /* Main.storyboard */; };
		2B373F4419816EF800C91A9E /* Images.xcassets in Resources */ = {isa = PBXBuildFile; fileRef = 2B373F4319816EF800C91A9E /* Images.xcassets */; };
		2B373F5019816EF800C91A9E /* TestAppTests.swift in Sources */ = {isa = PBXBuildFile; fileRef = 2B373F4F19816EF800C91A9E /* TestAppTests.swift */; };
/* End PBXBuildFile section */

/* Begin PBXContainerItemProxy section */
		2B373F4A19816EF800C91A9E /* PBXContainerItemProxy */ = {
			isa = PBXContainerItemProxy;
			containerPortal = 2B373F2F19816EF800C91A9E /* Project object */;
			proxyType = 1;
			remoteGlobalIDString = 2B373F3619816EF800C91A9E;
			remoteInfo = TestApp;
		};
/* End PBXContainerItemProxy section */

/* Begin PBXFileReference section */
		2B260FEF199B61C200A0E0EF /* arccat.h */ = {isa = PBXFileReference; fileEncoding = 4; lastKnownFileType = sourcecode.c.h; path = arccat.h; sourceTree = "<group>"; };
		2B260FF1199B61C200A0E0EF /* NSArrayExt.h */ = {isa = PBXFileReference; fileEncoding = 4; lastKnownFileType = sourcecode.c.h; path = NSArrayExt.h; sourceTree = "<group>"; };
		2B260FF2199B61C200A0E0EF /* NSArrayExt.m */ = {isa = PBXFileReference; fileEncoding = 4; lastKnownFileType = sourcecode.c.objc; path = NSArrayExt.m; sourceTree = "<group>"; };
		2B260FF3199B61C200A0E0EF /* NSClassExt.h */ = {isa = PBXFileReference; fileEncoding = 4; lastKnownFileType = sourcecode.c.h; path = NSClassExt.h; sourceTree = "<group>"; };
		2B260FF4199B61C200A0E0EF /* NSClassExt.m */ = {isa = PBXFileReference; fileEncoding = 4; lastKnownFileType = sourcecode.c.objc; path = NSClassExt.m; sourceTree = "<group>"; };
		2B260FF5199B61C200A0E0EF /* NSDateExt.h */ = {isa = PBXFileReference; fileEncoding = 4; lastKnownFileType = sourcecode.c.h; path = NSDateExt.h; sourceTree = "<group>"; };
		2B260FF6199B61C200A0E0EF /* NSDateExt.m */ = {isa = PBXFileReference; fileEncoding = 4; lastKnownFileType = sourcecode.c.objc; path = NSDateExt.m; sourceTree = "<group>"; };
		2B260FF7199B61C200A0E0EF /* NSDictionaryExt.h */ = {isa = PBXFileReference; fileEncoding = 4; lastKnownFileType = sourcecode.c.h; path = NSDictionaryExt.h; sourceTree = "<group>"; };
		2B260FF8199B61C200A0E0EF /* NSDictionaryExt.m */ = {isa = PBXFileReference; fileEncoding = 4; lastKnownFileType = sourcecode.c.objc; path = NSDictionaryExt.m; sourceTree = "<group>"; };
		2B260FF9199B61C200A0E0EF /* NSNumberExt.h */ = {isa = PBXFileReference; fileEncoding = 4; lastKnownFileType = sourcecode.c.h; path = NSNumberExt.h; sourceTree = "<group>"; };
		2B260FFA199B61C200A0E0EF /* NSNumberExt.m */ = {isa = PBXFileReference; fileEncoding = 4; lastKnownFileType = sourcecode.c.objc; path = NSNumberExt.m; sourceTree = "<group>"; };
		2B260FFB199B61C200A0E0EF /* NSObjectExt.h */ = {isa = PBXFileReference; fileEncoding = 4; lastKnownFileType = sourcecode.c.h; path = NSObjectExt.h; sourceTree = "<group>"; };
		2B260FFC199B61C200A0E0EF /* NSObjectExt.m */ = {isa = PBXFileReference; fileEncoding = 4; lastKnownFileType = sourcecode.c.objc; path = NSObjectExt.m; sourceTree = "<group>"; };
		2B260FFD199B61C200A0E0EF /* NSStringExt.h */ = {isa = PBXFileReference; fileEncoding = 4; lastKnownFileType = sourcecode.c.h; path = NSStringExt.h; sourceTree = "<group>"; };
		2B260FFE199B61C200A0E0EF /* NSStringExt.m */ = {isa = PBXFileReference; fileEncoding = 4; lastKnownFileType = sourcecode.c.objc; path = NSStringExt.m; sourceTree = "<group>"; };
		2B260FFF199B61C200A0E0EF /* NSValueExt.h */ = {isa = PBXFileReference; fileEncoding = 4; lastKnownFileType = sourcecode.c.h; path = NSValueExt.h; sourceTree = "<group>"; };
		2B261000199B61C300A0E0EF /* NSValueExt.m */ = {isa = PBXFileReference; fileEncoding = 4; lastKnownFileType = sourcecode.c.objc; path = NSValueExt.m; sourceTree = "<group>"; };
		2B261002199B61C300A0E0EF /* UnitTestUI.h */ = {isa = PBXFileReference; fileEncoding = 4; lastKnownFileType = sourcecode.c.h; path = UnitTestUI.h; sourceTree = "<group>"; };
		2B261003199B61C300A0E0EF /* UnitTestUI.m */ = {isa = PBXFileReference; fileEncoding = 4; lastKnownFileType = sourcecode.c.objc; path = UnitTestUI.m; sourceTree = "<group>"; };
		2B261005199B61C300A0E0EF /* Logger.h */ = {isa = PBXFileReference; fileEncoding = 4; lastKnownFileType = sourcecode.c.h; path = Logger.h; sourceTree = "<group>"; };
		2B261006199B61C300A0E0EF /* Logger.m */ = {isa = PBXFileReference; fileEncoding = 4; lastKnownFileType = sourcecode.c.objc; path = Logger.m; sourceTree = "<group>"; };
		2B261007199B61C300A0E0EF /* TestSuite.swift */ = {isa = PBXFileReference; fileEncoding = 4; lastKnownFileType = sourcecode.swift; path = TestSuite.swift; sourceTree = "<group>"; };
		2B261008199B61C300A0E0EF /* UnitTest.h */ = {isa = PBXFileReference; fileEncoding = 4; lastKnownFileType = sourcecode.c.h; path = UnitTest.h; sourceTree = "<group>"; };
		2B261009199B61C300A0E0EF /* UnitTest.m */ = {isa = PBXFileReference; fileEncoding = 4; lastKnownFileType = sourcecode.c.objc; path = UnitTest.m; sourceTree = "<group>"; };
		2B26100D199B61C300A0E0EF /* GCDAsyncSocket.h */ = {isa = PBXFileReference; fileEncoding = 4; lastKnownFileType = sourcecode.c.h; path = GCDAsyncSocket.h; sourceTree = "<group>"; };
		2B26100E199B61C300A0E0EF /* GCDAsyncSocket.m */ = {isa = PBXFileReference; fileEncoding = 4; lastKnownFileType = sourcecode.c.objc; path = GCDAsyncSocket.m; sourceTree = "<group>"; };
		2B261010199B61C300A0E0EF /* DDAbstractDatabaseLogger.h */ = {isa = PBXFileReference; fileEncoding = 4; lastKnownFileType = sourcecode.c.h; path = DDAbstractDatabaseLogger.h; sourceTree = "<group>"; };
		2B261011199B61C300A0E0EF /* DDAbstractDatabaseLogger.m */ = {isa = PBXFileReference; fileEncoding = 4; lastKnownFileType = sourcecode.c.objc; path = DDAbstractDatabaseLogger.m; sourceTree = "<group>"; };
		2B261012199B61C300A0E0EF /* DDASLLogger.h */ = {isa = PBXFileReference; fileEncoding = 4; lastKnownFileType = sourcecode.c.h; path = DDASLLogger.h; sourceTree = "<group>"; };
		2B261013199B61C300A0E0EF /* DDASLLogger.m */ = {isa = PBXFileReference; fileEncoding = 4; lastKnownFileType = sourcecode.c.objc; path = DDASLLogger.m; sourceTree = "<group>"; };
		2B261014199B61C300A0E0EF /* DDFileLogger.h */ = {isa = PBXFileReference; fileEncoding = 4; lastKnownFileType = sourcecode.c.h; path = DDFileLogger.h; sourceTree = "<group>"; };
		2B261015199B61C300A0E0EF /* DDFileLogger.m */ = {isa = PBXFileReference; fileEncoding = 4; lastKnownFileType = sourcecode.c.objc; path = DDFileLogger.m; sourceTree = "<group>"; };
		2B261016199B61C300A0E0EF /* DDLog.h */ = {isa = PBXFileReference; fileEncoding = 4; lastKnownFileType = sourcecode.c.h; path = DDLog.h; sourceTree = "<group>"; };
		2B261017199B61C300A0E0EF /* DDLog.m */ = {isa = PBXFileReference; fileEncoding = 4; lastKnownFileType = sourcecode.c.objc; path = DDLog.m; sourceTree = "<group>"; };
		2B261018199B61C300A0E0EF /* DDTTYLogger.h */ = {isa = PBXFileReference; fileEncoding = 4; lastKnownFileType = sourcecode.c.h; path = DDTTYLogger.h; sourceTree = "<group>"; };
		2B261019199B61C300A0E0EF /* DDTTYLogger.m */ = {isa = PBXFileReference; fileEncoding = 4; lastKnownFileType = sourcecode.c.objc; path = DDTTYLogger.m; sourceTree = "<group>"; };
		2B26101B199B61C300A0E0EF /* ContextFilterLogFormatter.h */ = {isa = PBXFileReference; fileEncoding = 4; lastKnownFileType = sourcecode.c.h; path = ContextFilterLogFormatter.h; sourceTree = "<group>"; };
		2B26101C199B61C300A0E0EF /* ContextFilterLogFormatter.m */ = {isa = PBXFileReference; fileEncoding = 4; lastKnownFileType = sourcecode.c.objc; path = ContextFilterLogFormatter.m; sourceTree = "<group>"; };
		2B26101D199B61C300A0E0EF /* DispatchQueueLogFormatter.h */ = {isa = PBXFileReference; fileEncoding = 4; lastKnownFileType = sourcecode.c.h; path = DispatchQueueLogFormatter.h; sourceTree = "<group>"; };
		2B26101E199B61C300A0E0EF /* DispatchQueueLogFormatter.m */ = {isa = PBXFileReference; fileEncoding = 4; lastKnownFileType = sourcecode.c.objc; path = DispatchQueueLogFormatter.m; sourceTree = "<group>"; };
		2B26101F199B61C300A0E0EF /* README.txt */ = {isa = PBXFileReference; fileEncoding = 4; lastKnownFileType = text; path = README.txt; sourceTree = "<group>"; };
		2B261022199B61C300A0E0EF /* DDData.h */ = {isa = PBXFileReference; fileEncoding = 4; lastKnownFileType = sourcecode.c.h; path = DDData.h; sourceTree = "<group>"; };
		2B261023199B61C300A0E0EF /* DDData.m */ = {isa = PBXFileReference; fileEncoding = 4; lastKnownFileType = sourcecode.c.objc; path = DDData.m; sourceTree = "<group>"; };
		2B261024199B61C300A0E0EF /* DDNumber.h */ = {isa = PBXFileReference; fileEncoding = 4; lastKnownFileType = sourcecode.c.h; path = DDNumber.h; sourceTree = "<group>"; };
		2B261025199B61C300A0E0EF /* DDNumber.m */ = {isa = PBXFileReference; fileEncoding = 4; lastKnownFileType = sourcecode.c.objc; path = DDNumber.m; sourceTree = "<group>"; };
		2B261026199B61C300A0E0EF /* DDRange.h */ = {isa = PBXFileReference; fileEncoding = 4; lastKnownFileType = sourcecode.c.h; path = DDRange.h; sourceTree = "<group>"; };
		2B261027199B61C300A0E0EF /* DDRange.m */ = {isa = PBXFileReference; fileEncoding = 4; lastKnownFileType = sourcecode.c.objc; path = DDRange.m; sourceTree = "<group>"; };
		2B261028199B61C300A0E0EF /* HTTPAuthenticationRequest.h */ = {isa = PBXFileReference; fileEncoding = 4; lastKnownFileType = sourcecode.c.h; path = HTTPAuthenticationRequest.h; sourceTree = "<group>"; };
		2B261029199B61C300A0E0EF /* HTTPAuthenticationRequest.m */ = {isa = PBXFileReference; fileEncoding = 4; lastKnownFileType = sourcecode.c.objc; path = HTTPAuthenticationRequest.m; sourceTree = "<group>"; };
		2B26102A199B61C300A0E0EF /* HTTPConnection.h */ = {isa = PBXFileReference; fileEncoding = 4; lastKnownFileType = sourcecode.c.h; path = HTTPConnection.h; sourceTree = "<group>"; };
		2B26102B199B61C300A0E0EF /* HTTPConnection.m */ = {isa = PBXFileReference; fileEncoding = 4; lastKnownFileType = sourcecode.c.objc; path = HTTPConnection.m; sourceTree = "<group>"; };
		2B26102C199B61C300A0E0EF /* HTTPLogging.h */ = {isa = PBXFileReference; fileEncoding = 4; lastKnownFileType = sourcecode.c.h; path = HTTPLogging.h; sourceTree = "<group>"; };
		2B26102D199B61C300A0E0EF /* HTTPMessage.h */ = {isa = PBXFileReference; fileEncoding = 4; lastKnownFileType = sourcecode.c.h; path = HTTPMessage.h; sourceTree = "<group>"; };
		2B26102E199B61C300A0E0EF /* HTTPMessage.m */ = {isa = PBXFileReference; fileEncoding = 4; lastKnownFileType = sourcecode.c.objc; path = HTTPMessage.m; sourceTree = "<group>"; };
		2B26102F199B61C300A0E0EF /* HTTPResponse.h */ = {isa = PBXFileReference; fileEncoding = 4; lastKnownFileType = sourcecode.c.h; path = HTTPResponse.h; sourceTree = "<group>"; };
		2B261030199B61C300A0E0EF /* HTTPServer.h */ = {isa = PBXFileReference; fileEncoding = 4; lastKnownFileType = sourcecode.c.h; path = HTTPServer.h; sourceTree = "<group>"; };
		2B261031199B61C300A0E0EF /* HTTPServer.m */ = {isa = PBXFileReference; fileEncoding = 4; lastKnownFileType = sourcecode.c.objc; path = HTTPServer.m; sourceTree = "<group>"; };
		2B261033199B61C300A0E0EF /* MultipartFormDataParser.h */ = {isa = PBXFileReference; fileEncoding = 4; lastKnownFileType = sourcecode.c.h; path = MultipartFormDataParser.h; sourceTree = "<group>"; };
		2B261034199B61C300A0E0EF /* MultipartFormDataParser.m */ = {isa = PBXFileReference; fileEncoding = 4; lastKnownFileType = sourcecode.c.objc; path = MultipartFormDataParser.m; sourceTree = "<group>"; };
		2B261035199B61C300A0E0EF /* MultipartMessageHeader.h */ = {isa = PBXFileReference; fileEncoding = 4; lastKnownFileType = sourcecode.c.h; path = MultipartMessageHeader.h; sourceTree = "<group>"; };
		2B261036199B61C300A0E0EF /* MultipartMessageHeader.m */ = {isa = PBXFileReference; fileEncoding = 4; lastKnownFileType = sourcecode.c.objc; path = MultipartMessageHeader.m; sourceTree = "<group>"; };
		2B261037199B61C300A0E0EF /* MultipartMessageHeaderField.h */ = {isa = PBXFileReference; fileEncoding = 4; lastKnownFileType = sourcecode.c.h; path = MultipartMessageHeaderField.h; sourceTree = "<group>"; };
		2B261038199B61C300A0E0EF /* MultipartMessageHeaderField.m */ = {isa = PBXFileReference; fileEncoding = 4; lastKnownFileType = sourcecode.c.objc; path = MultipartMessageHeaderField.m; sourceTree = "<group>"; };
		2B26103A199B61C300A0E0EF /* HTTPAsyncFileResponse.h */ = {isa = PBXFileReference; fileEncoding = 4; lastKnownFileType = sourcecode.c.h; path = HTTPAsyncFileResponse.h; sourceTree = "<group>"; };
		2B26103B199B61C300A0E0EF /* HTTPAsyncFileResponse.m */ = {isa = PBXFileReference; fileEncoding = 4; lastKnownFileType = sourcecode.c.objc; path = HTTPAsyncFileResponse.m; sourceTree = "<group>"; };
		2B26103C199B61C300A0E0EF /* HTTPDataResponse.h */ = {isa = PBXFileReference; fileEncoding = 4; lastKnownFileType = sourcecode.c.h; path = HTTPDataResponse.h; sourceTree = "<group>"; };
		2B26103D199B61C300A0E0EF /* HTTPDataResponse.m */ = {isa = PBXFileReference; fileEncoding = 4; lastKnownFileType = sourcecode.c.objc; path = HTTPDataResponse.m; sourceTree = "<group>"; };
		2B26103E199B61C300A0E0EF /* HTTPDynamicFileResponse.h */ = {isa = PBXFileReference; fileEncoding = 4; lastKnownFileType = sourcecode.c.h; path = HTTPDynamicFileResponse.h; sourceTree = "<group>"; };
		2B26103F199B61C300A0E0EF /* HTTPDynamicFileResponse.m */ = {isa = PBXFileReference; fileEncoding = 4; lastKnownFileType = sourcecode.c.objc; path = HTTPDynamicFileResponse.m; sourceTree = "<group>"; };
		2B261040199B61C300A0E0EF /* HTTPErrorResponse.h */ = {isa = PBXFileReference; fileEncoding = 4; lastKnownFileType = sourcecode.c.h; path = HTTPErrorResponse.h; sourceTree = "<group>"; };
		2B261041199B61C300A0E0EF /* HTTPErrorResponse.m */ = {isa = PBXFileReference; fileEncoding = 4; lastKnownFileType = sourcecode.c.objc; path = HTTPErrorResponse.m; sourceTree = "<group>"; };
		2B261042199B61C300A0E0EF /* HTTPFileResponse.h */ = {isa = PBXFileReference; fileEncoding = 4; lastKnownFileType = sourcecode.c.h; path = HTTPFileResponse.h; sourceTree = "<group>"; };
		2B261043199B61C300A0E0EF /* HTTPFileResponse.m */ = {isa = PBXFileReference; fileEncoding = 4; lastKnownFileType = sourcecode.c.objc; path = HTTPFileResponse.m; sourceTree = "<group>"; };
		2B261044199B61C300A0E0EF /* HTTPRedirectResponse.h */ = {isa = PBXFileReference; fileEncoding = 4; lastKnownFileType = sourcecode.c.h; path = HTTPRedirectResponse.h; sourceTree = "<group>"; };
		2B261045199B61C300A0E0EF /* HTTPRedirectResponse.m */ = {isa = PBXFileReference; fileEncoding = 4; lastKnownFileType = sourcecode.c.objc; path = HTTPRedirectResponse.m; sourceTree = "<group>"; };
		2B261046199B61C300A0E0EF /* WebSocket.h */ = {isa = PBXFileReference; fileEncoding = 4; lastKnownFileType = sourcecode.c.h; path = WebSocket.h; sourceTree = "<group>"; };
		2B261047199B61C300A0E0EF /* WebSocket.m */ = {isa = PBXFileReference; fileEncoding = 4; lastKnownFileType = sourcecode.c.objc; path = WebSocket.m; sourceTree = "<group>"; };
		2B261049199B61C300A0E0EF /* Console.h */ = {isa = PBXFileReference; fileEncoding = 4; lastKnownFileType = sourcecode.c.h; path = Console.h; sourceTree = "<group>"; };
		2B26104A199B61C300A0E0EF /* Console.m */ = {isa = PBXFileReference; fileEncoding = 4; lastKnownFileType = sourcecode.c.objc; path = Console.m; sourceTree = "<group>"; };
		2B26104B199B61C300A0E0EF /* NSStringConsoleExt.h */ = {isa = PBXFileReference; fileEncoding = 4; lastKnownFileType = sourcecode.c.h; path = NSStringConsoleExt.h; sourceTree = "<group>"; };
		2B26104C199B61C300A0E0EF /* NSStringConsoleExt.m */ = {isa = PBXFileReference; fileEncoding = 4; lastKnownFileType = sourcecode.c.objc; path = NSStringConsoleExt.m; sourceTree = "<group>"; };
		2B26104D199B61C300A0E0EF /* ResponseHandler.h */ = {isa = PBXFileReference; fileEncoding = 4; lastKnownFileType = sourcecode.c.h; path = ResponseHandler.h; sourceTree = "<group>"; };
		2B26104E199B61C300A0E0EF /* ResponseHandler.m */ = {isa = PBXFileReference; fileEncoding = 4; lastKnownFileType = sourcecode.c.objc; path = ResponseHandler.m; sourceTree = "<group>"; };
		2B26104F199B61C300A0E0EF /* UIViewConsoleExt.h */ = {isa = PBXFileReference; fileEncoding = 4; lastKnownFileType = sourcecode.c.h; path = UIViewConsoleExt.h; sourceTree = "<group>"; };
		2B261050199B61C300A0E0EF /* UIViewConsoleExt.m */ = {isa = PBXFileReference; fileEncoding = 4; lastKnownFileType = sourcecode.c.objc; path = UIViewConsoleExt.m; sourceTree = "<group>"; };
		2B26107C199B61DE00A0E0EF /* TestArray.m */ = {isa = PBXFileReference; fileEncoding = 4; lastKnownFileType = sourcecode.c.objc; path = TestArray.m; sourceTree = "<group>"; };
		2B26107D199B61DE00A0E0EF /* TestClass.m */ = {isa = PBXFileReference; fileEncoding = 4; lastKnownFileType = sourcecode.c.objc; path = TestClass.m; sourceTree = "<group>"; };
		2B26107E199B61DE00A0E0EF /* TestDate.m */ = {isa = PBXFileReference; fileEncoding = 4; lastKnownFileType = sourcecode.c.objc; path = TestDate.m; sourceTree = "<group>"; };
		2B26107F199B61DE00A0E0EF /* TestDictionary.m */ = {isa = PBXFileReference; fileEncoding = 4; lastKnownFileType = sourcecode.c.objc; path = TestDictionary.m; sourceTree = "<group>"; };
		2B261080199B61DE00A0E0EF /* TestNumber.m */ = {isa = PBXFileReference; fileEncoding = 4; lastKnownFileType = sourcecode.c.objc; path = TestNumber.m; sourceTree = "<group>"; };
		2B261081199B61DE00A0E0EF /* TestObject.m */ = {isa = PBXFileReference; fileEncoding = 4; lastKnownFileType = sourcecode.c.objc; path = TestObject.m; sourceTree = "<group>"; };
		2B261082199B61DE00A0E0EF /* TestString.m */ = {isa = PBXFileReference; fileEncoding = 4; lastKnownFileType = sourcecode.c.objc; path = TestString.m; sourceTree = "<group>"; };
		2B26108B199B620800A0E0EF /* TestSwift.swift */ = {isa = PBXFileReference; fileEncoding = 4; lastKnownFileType = sourcecode.swift; path = TestSwift.swift; sourceTree = "<group>"; };
		2B373F3719816EF800C91A9E /* TestApp.app */ = {isa = PBXFileReference; explicitFileType = wrapper.application; includeInIndex = 0; path = TestApp.app; sourceTree = BUILT_PRODUCTS_DIR; };
		2B373F3B19816EF800C91A9E /* Info.plist */ = {isa = PBXFileReference; lastKnownFileType = text.plist.xml; path = Info.plist; sourceTree = "<group>"; };
		2B373F3C19816EF800C91A9E /* AppDelegate.swift */ = {isa = PBXFileReference; lastKnownFileType = sourcecode.swift; path = AppDelegate.swift; sourceTree = "<group>"; };
		2B373F3E19816EF800C91A9E /* ViewController.swift */ = {isa = PBXFileReference; lastKnownFileType = sourcecode.swift; path = ViewController.swift; sourceTree = "<group>"; };
		2B373F4119816EF800C91A9E /* Base */ = {isa = PBXFileReference; lastKnownFileType = file.storyboard; name = Base; path = Base.lproj/Main.storyboard; sourceTree = "<group>"; };
		2B373F4319816EF800C91A9E /* Images.xcassets */ = {isa = PBXFileReference; lastKnownFileType = folder.assetcatalog; path = Images.xcassets; sourceTree = "<group>"; };
		2B373F4919816EF800C91A9E /* TestAppTests.xctest */ = {isa = PBXFileReference; explicitFileType = wrapper.cfbundle; includeInIndex = 0; path = TestAppTests.xctest; sourceTree = BUILT_PRODUCTS_DIR; };
		2B373F4E19816EF800C91A9E /* Info.plist */ = {isa = PBXFileReference; lastKnownFileType = text.plist.xml; path = Info.plist; sourceTree = "<group>"; };
		2B373F4F19816EF800C91A9E /* TestAppTests.swift */ = {isa = PBXFileReference; lastKnownFileType = sourcecode.swift; path = TestAppTests.swift; sourceTree = "<group>"; };
		2B3740161981744900C91A9E /* Swicat-Bridging-Header.h */ = {isa = PBXFileReference; lastKnownFileType = sourcecode.c.h; path = "Swicat-Bridging-Header.h"; sourceTree = SOURCE_ROOT; };
		2B37408C1981770C00C91A9E /* README.md */ = {isa = PBXFileReference; fileEncoding = 4; lastKnownFileType = net.daringfireball.markdown; name = README.md; path = ../README.md; sourceTree = "<group>"; };
/* End PBXFileReference section */

/* Begin PBXFrameworksBuildPhase section */
		2B373F3419816EF800C91A9E /* Frameworks */ = {
			isa = PBXFrameworksBuildPhase;
			buildActionMask = 2147483647;
			files = (
			);
			runOnlyForDeploymentPostprocessing = 0;
		};
		2B373F4619816EF800C91A9E /* Frameworks */ = {
			isa = PBXFrameworksBuildPhase;
			buildActionMask = 2147483647;
			files = (
			);
			runOnlyForDeploymentPostprocessing = 0;
		};
/* End PBXFrameworksBuildPhase section */

/* Begin PBXGroup section */
		2B260FED199B61C200A0E0EF /* swicat */ = {
			isa = PBXGroup;
			children = (
				2B260FEE199B61C200A0E0EF /* arccat */,
				2B26100A199B61C300A0E0EF /* console */,
			);
			name = swicat;
			path = ../swicat;
			sourceTree = "<group>";
		};
		2B260FEE199B61C200A0E0EF /* arccat */ = {
			isa = PBXGroup;
			children = (
				2B260FEF199B61C200A0E0EF /* arccat.h */,
				2B260FF0199B61C200A0E0EF /* Ext */,
				2B261001199B61C300A0E0EF /* UI */,
				2B261004199B61C300A0E0EF /* UnitTest */,
			);
			path = arccat;
			sourceTree = "<group>";
		};
		2B260FF0199B61C200A0E0EF /* Ext */ = {
			isa = PBXGroup;
			children = (
				2B260FF1199B61C200A0E0EF /* NSArrayExt.h */,
				2B260FF2199B61C200A0E0EF /* NSArrayExt.m */,
				2B260FF3199B61C200A0E0EF /* NSClassExt.h */,
				2B260FF4199B61C200A0E0EF /* NSClassExt.m */,
				2B260FF5199B61C200A0E0EF /* NSDateExt.h */,
				2B260FF6199B61C200A0E0EF /* NSDateExt.m */,
				2B260FF7199B61C200A0E0EF /* NSDictionaryExt.h */,
				2B260FF8199B61C200A0E0EF /* NSDictionaryExt.m */,
				2B260FF9199B61C200A0E0EF /* NSNumberExt.h */,
				2B260FFA199B61C200A0E0EF /* NSNumberExt.m */,
				2B260FFB199B61C200A0E0EF /* NSObjectExt.h */,
				2B260FFC199B61C200A0E0EF /* NSObjectExt.m */,
				2B260FFD199B61C200A0E0EF /* NSStringExt.h */,
				2B260FFE199B61C200A0E0EF /* NSStringExt.m */,
				2B260FFF199B61C200A0E0EF /* NSValueExt.h */,
				2B261000199B61C300A0E0EF /* NSValueExt.m */,
			);
			path = Ext;
			sourceTree = "<group>";
		};
		2B261001199B61C300A0E0EF /* UI */ = {
			isa = PBXGroup;
			children = (
				2B261002199B61C300A0E0EF /* UnitTestUI.h */,
				2B261003199B61C300A0E0EF /* UnitTestUI.m */,
			);
			path = UI;
			sourceTree = "<group>";
		};
		2B261004199B61C300A0E0EF /* UnitTest */ = {
			isa = PBXGroup;
			children = (
				2B261007199B61C300A0E0EF /* TestSuite.swift */,
				2B261005199B61C300A0E0EF /* Logger.h */,
				2B261006199B61C300A0E0EF /* Logger.m */,
				2B261008199B61C300A0E0EF /* UnitTest.h */,
				2B261009199B61C300A0E0EF /* UnitTest.m */,
			);
			path = UnitTest;
			sourceTree = "<group>";
		};
		2B26100A199B61C300A0E0EF /* console */ = {
			isa = PBXGroup;
			children = (
				2B26100B199B61C300A0E0EF /* CocoaHTTPServer */,
				2B261048199B61C300A0E0EF /* Console */,
			);
			path = console;
			sourceTree = "<group>";
		};
		2B26100B199B61C300A0E0EF /* CocoaHTTPServer */ = {
			isa = PBXGroup;
			children = (
				2B26100C199B61C300A0E0EF /* CocoaAsyncSocket */,
				2B26100F199B61C300A0E0EF /* CocoaLumberjack */,
				2B261020199B61C300A0E0EF /* Core */,
			);
			path = CocoaHTTPServer;
			sourceTree = "<group>";
		};
		2B26100C199B61C300A0E0EF /* CocoaAsyncSocket */ = {
			isa = PBXGroup;
			children = (
				2B26100D199B61C300A0E0EF /* GCDAsyncSocket.h */,
				2B26100E199B61C300A0E0EF /* GCDAsyncSocket.m */,
			);
			path = CocoaAsyncSocket;
			sourceTree = "<group>";
		};
		2B26100F199B61C300A0E0EF /* CocoaLumberjack */ = {
			isa = PBXGroup;
			children = (
				2B261010199B61C300A0E0EF /* DDAbstractDatabaseLogger.h */,
				2B261011199B61C300A0E0EF /* DDAbstractDatabaseLogger.m */,
				2B261012199B61C300A0E0EF /* DDASLLogger.h */,
				2B261013199B61C300A0E0EF /* DDASLLogger.m */,
				2B261014199B61C300A0E0EF /* DDFileLogger.h */,
				2B261015199B61C300A0E0EF /* DDFileLogger.m */,
				2B261016199B61C300A0E0EF /* DDLog.h */,
				2B261017199B61C300A0E0EF /* DDLog.m */,
				2B261018199B61C300A0E0EF /* DDTTYLogger.h */,
				2B261019199B61C300A0E0EF /* DDTTYLogger.m */,
				2B26101A199B61C300A0E0EF /* Extensions */,
			);
			path = CocoaLumberjack;
			sourceTree = "<group>";
		};
		2B26101A199B61C300A0E0EF /* Extensions */ = {
			isa = PBXGroup;
			children = (
				2B26101B199B61C300A0E0EF /* ContextFilterLogFormatter.h */,
				2B26101C199B61C300A0E0EF /* ContextFilterLogFormatter.m */,
				2B26101D199B61C300A0E0EF /* DispatchQueueLogFormatter.h */,
				2B26101E199B61C300A0E0EF /* DispatchQueueLogFormatter.m */,
				2B26101F199B61C300A0E0EF /* README.txt */,
			);
			path = Extensions;
			sourceTree = "<group>";
		};
		2B261020199B61C300A0E0EF /* Core */ = {
			isa = PBXGroup;
			children = (
				2B261021199B61C300A0E0EF /* Categories */,
				2B261028199B61C300A0E0EF /* HTTPAuthenticationRequest.h */,
				2B261029199B61C300A0E0EF /* HTTPAuthenticationRequest.m */,
				2B26102A199B61C300A0E0EF /* HTTPConnection.h */,
				2B26102B199B61C300A0E0EF /* HTTPConnection.m */,
				2B26102C199B61C300A0E0EF /* HTTPLogging.h */,
				2B26102D199B61C300A0E0EF /* HTTPMessage.h */,
				2B26102E199B61C300A0E0EF /* HTTPMessage.m */,
				2B26102F199B61C300A0E0EF /* HTTPResponse.h */,
				2B261030199B61C300A0E0EF /* HTTPServer.h */,
				2B261031199B61C300A0E0EF /* HTTPServer.m */,
				2B261032199B61C300A0E0EF /* Mime */,
				2B261039199B61C300A0E0EF /* Responses */,
				2B261046199B61C300A0E0EF /* WebSocket.h */,
				2B261047199B61C300A0E0EF /* WebSocket.m */,
			);
			path = Core;
			sourceTree = "<group>";
		};
		2B261021199B61C300A0E0EF /* Categories */ = {
			isa = PBXGroup;
			children = (
				2B261022199B61C300A0E0EF /* DDData.h */,
				2B261023199B61C300A0E0EF /* DDData.m */,
				2B261024199B61C300A0E0EF /* DDNumber.h */,
				2B261025199B61C300A0E0EF /* DDNumber.m */,
				2B261026199B61C300A0E0EF /* DDRange.h */,
				2B261027199B61C300A0E0EF /* DDRange.m */,
			);
			path = Categories;
			sourceTree = "<group>";
		};
		2B261032199B61C300A0E0EF /* Mime */ = {
			isa = PBXGroup;
			children = (
				2B261033199B61C300A0E0EF /* MultipartFormDataParser.h */,
				2B261034199B61C300A0E0EF /* MultipartFormDataParser.m */,
				2B261035199B61C300A0E0EF /* MultipartMessageHeader.h */,
				2B261036199B61C300A0E0EF /* MultipartMessageHeader.m */,
				2B261037199B61C300A0E0EF /* MultipartMessageHeaderField.h */,
				2B261038199B61C300A0E0EF /* MultipartMessageHeaderField.m */,
			);
			path = Mime;
			sourceTree = "<group>";
		};
		2B261039199B61C300A0E0EF /* Responses */ = {
			isa = PBXGroup;
			children = (
				2B26103A199B61C300A0E0EF /* HTTPAsyncFileResponse.h */,
				2B26103B199B61C300A0E0EF /* HTTPAsyncFileResponse.m */,
				2B26103C199B61C300A0E0EF /* HTTPDataResponse.h */,
				2B26103D199B61C300A0E0EF /* HTTPDataResponse.m */,
				2B26103E199B61C300A0E0EF /* HTTPDynamicFileResponse.h */,
				2B26103F199B61C300A0E0EF /* HTTPDynamicFileResponse.m */,
				2B261040199B61C300A0E0EF /* HTTPErrorResponse.h */,
				2B261041199B61C300A0E0EF /* HTTPErrorResponse.m */,
				2B261042199B61C300A0E0EF /* HTTPFileResponse.h */,
				2B261043199B61C300A0E0EF /* HTTPFileResponse.m */,
				2B261044199B61C300A0E0EF /* HTTPRedirectResponse.h */,
				2B261045199B61C300A0E0EF /* HTTPRedirectResponse.m */,
			);
			path = Responses;
			sourceTree = "<group>";
		};
		2B261048199B61C300A0E0EF /* Console */ = {
			isa = PBXGroup;
			children = (
				2B261049199B61C300A0E0EF /* Console.h */,
				2B26104A199B61C300A0E0EF /* Console.m */,
				2B26104B199B61C300A0E0EF /* NSStringConsoleExt.h */,
				2B26104C199B61C300A0E0EF /* NSStringConsoleExt.m */,
				2B26104D199B61C300A0E0EF /* ResponseHandler.h */,
				2B26104E199B61C300A0E0EF /* ResponseHandler.m */,
				2B26104F199B61C300A0E0EF /* UIViewConsoleExt.h */,
				2B261050199B61C300A0E0EF /* UIViewConsoleExt.m */,
			);
			path = Console;
			sourceTree = "<group>";
		};
		2B26107B199B61DE00A0E0EF /* ObjectiveCTestCases */ = {
			isa = PBXGroup;
			children = (
				2B26107C199B61DE00A0E0EF /* TestArray.m */,
				2B26107D199B61DE00A0E0EF /* TestClass.m */,
				2B26107E199B61DE00A0E0EF /* TestDate.m */,
				2B26107F199B61DE00A0E0EF /* TestDictionary.m */,
				2B261080199B61DE00A0E0EF /* TestNumber.m */,
				2B261081199B61DE00A0E0EF /* TestObject.m */,
				2B261082199B61DE00A0E0EF /* TestString.m */,
			);
			path = ObjectiveCTestCases;
			sourceTree = "<group>";
		};
		2B26108A199B61EC00A0E0EF /* SwiftTestCases */ = {
			isa = PBXGroup;
			children = (
				2B26108B199B620800A0E0EF /* TestSwift.swift */,
			);
			path = SwiftTestCases;
			sourceTree = "<group>";
		};
		2B373F2E19816EF800C91A9E = {
			isa = PBXGroup;
			children = (
				2B37408C1981770C00C91A9E /* README.md */,
				2B260FED199B61C200A0E0EF /* swicat */,
				2B37407C1981755000C91A9E /* TestCases */,
				2B373F3919816EF800C91A9E /* TestApp */,
				2B373F4C19816EF800C91A9E /* TestAppTests */,
				2B373F3819816EF800C91A9E /* Products */,
			);
			sourceTree = "<group>";
		};
		2B373F3819816EF800C91A9E /* Products */ = {
			isa = PBXGroup;
			children = (
				2B373F3719816EF800C91A9E /* TestApp.app */,
				2B373F4919816EF800C91A9E /* TestAppTests.xctest */,
			);
			name = Products;
			sourceTree = "<group>";
		};
		2B373F3919816EF800C91A9E /* TestApp */ = {
			isa = PBXGroup;
			children = (
				2B3740161981744900C91A9E /* Swicat-Bridging-Header.h */,
				2B373F3C19816EF800C91A9E /* AppDelegate.swift */,
				2B373F3E19816EF800C91A9E /* ViewController.swift */,
				2B373F4019816EF800C91A9E /* Main.storyboard */,
				2B373F4319816EF800C91A9E /* Images.xcassets */,
				2B373F3A19816EF800C91A9E /* Supporting Files */,
			);
			path = TestApp;
			sourceTree = "<group>";
		};
		2B373F3A19816EF800C91A9E /* Supporting Files */ = {
			isa = PBXGroup;
			children = (
				2B373F3B19816EF800C91A9E /* Info.plist */,
			);
			name = "Supporting Files";
			sourceTree = "<group>";
		};
		2B373F4C19816EF800C91A9E /* TestAppTests */ = {
			isa = PBXGroup;
			children = (
				2B373F4F19816EF800C91A9E /* TestAppTests.swift */,
				2B373F4D19816EF800C91A9E /* Supporting Files */,
			);
			path = TestAppTests;
			sourceTree = "<group>";
		};
		2B373F4D19816EF800C91A9E /* Supporting Files */ = {
			isa = PBXGroup;
			children = (
				2B373F4E19816EF800C91A9E /* Info.plist */,
			);
			name = "Supporting Files";
			sourceTree = "<group>";
		};
		2B37407C1981755000C91A9E /* TestCases */ = {
			isa = PBXGroup;
			children = (
				2B26108A199B61EC00A0E0EF /* SwiftTestCases */,
				2B26107B199B61DE00A0E0EF /* ObjectiveCTestCases */,
			);
			name = TestCases;
			path = ../TestCases;
			sourceTree = "<group>";
		};
/* End PBXGroup section */

/* Begin PBXNativeTarget section */
		2B373F3619816EF800C91A9E /* TestApp */ = {
			isa = PBXNativeTarget;
			buildConfigurationList = 2B373F5319816EF800C91A9E /* Build configuration list for PBXNativeTarget "TestApp" */;
			buildPhases = (
				2B373F3319816EF800C91A9E /* Sources */,
				2B373F3419816EF800C91A9E /* Frameworks */,
				2B373F3519816EF800C91A9E /* Resources */,
			);
			buildRules = (
			);
			dependencies = (
			);
			name = TestApp;
			productName = TestApp;
			productReference = 2B373F3719816EF800C91A9E /* TestApp.app */;
			productType = "com.apple.product-type.application";
		};
		2B373F4819816EF800C91A9E /* TestAppTests */ = {
			isa = PBXNativeTarget;
			buildConfigurationList = 2B373F5619816EF800C91A9E /* Build configuration list for PBXNativeTarget "TestAppTests" */;
			buildPhases = (
				2B373F4519816EF800C91A9E /* Sources */,
				2B373F4619816EF800C91A9E /* Frameworks */,
				2B373F4719816EF800C91A9E /* Resources */,
			);
			buildRules = (
			);
			dependencies = (
				2B373F4B19816EF800C91A9E /* PBXTargetDependency */,
			);
			name = TestAppTests;
			productName = TestAppTests;
			productReference = 2B373F4919816EF800C91A9E /* TestAppTests.xctest */;
			productType = "com.apple.product-type.bundle.unit-test";
		};
/* End PBXNativeTarget section */

/* Begin PBXProject section */
		2B373F2F19816EF800C91A9E /* Project object */ = {
			isa = PBXProject;
			attributes = {
				LastUpgradeCheck = 0600;
				ORGANIZATIONNAME = factorcat;
				TargetAttributes = {
					2B373F3619816EF800C91A9E = {
						CreatedOnToolsVersion = 6.0;
					};
					2B373F4819816EF800C91A9E = {
						CreatedOnToolsVersion = 6.0;
						TestTargetID = 2B373F3619816EF800C91A9E;
					};
				};
			};
			buildConfigurationList = 2B373F3219816EF800C91A9E /* Build configuration list for PBXProject "TestApp" */;
			compatibilityVersion = "Xcode 3.2";
			developmentRegion = English;
			hasScannedForEncodings = 0;
			knownRegions = (
				en,
				Base,
			);
			mainGroup = 2B373F2E19816EF800C91A9E;
			productRefGroup = 2B373F3819816EF800C91A9E /* Products */;
			projectDirPath = "";
			projectRoot = "";
			targets = (
				2B373F3619816EF800C91A9E /* TestApp */,
				2B373F4819816EF800C91A9E /* TestAppTests */,
			);
		};
/* End PBXProject section */

/* Begin PBXResourcesBuildPhase section */
		2B373F3519816EF800C91A9E /* Resources */ = {
			isa = PBXResourcesBuildPhase;
			buildActionMask = 2147483647;
			files = (
				2B373F4219816EF800C91A9E /* Main.storyboard in Resources */,
				2B261065199B61C300A0E0EF /* README.txt in Resources */,
				2B373F4419816EF800C91A9E /* Images.xcassets in Resources */,
			);
			runOnlyForDeploymentPostprocessing = 0;
		};
		2B373F4719816EF800C91A9E /* Resources */ = {
			isa = PBXResourcesBuildPhase;
			buildActionMask = 2147483647;
			files = (
			);
			runOnlyForDeploymentPostprocessing = 0;
		};
/* End PBXResourcesBuildPhase section */

/* Begin PBXSourcesBuildPhase section */
		2B373F3319816EF800C91A9E /* Sources */ = {
			isa = PBXSourcesBuildPhase;
			buildActionMask = 2147483647;
			files = (
				2B26106F199B61C300A0E0EF /* MultipartMessageHeaderField.m in Sources */,
				2B26106A199B61C300A0E0EF /* HTTPConnection.m in Sources */,
				2B261083199B61DE00A0E0EF /* TestArray.m in Sources */,
				2B261057199B61C300A0E0EF /* NSStringExt.m in Sources */,
				2B261052199B61C300A0E0EF /* NSClassExt.m in Sources */,
				2B261069199B61C300A0E0EF /* HTTPAuthenticationRequest.m in Sources */,
				2B261079199B61C300A0E0EF /* ResponseHandler.m in Sources */,
				2B261066199B61C300A0E0EF /* DDData.m in Sources */,
				2B261073199B61C300A0E0EF /* HTTPErrorResponse.m in Sources */,
				2B261075199B61C300A0E0EF /* HTTPRedirectResponse.m in Sources */,
				2B373F3F19816EF800C91A9E /* ViewController.swift in Sources */,
				2B261056199B61C300A0E0EF /* NSObjectExt.m in Sources */,
				2B261071199B61C300A0E0EF /* HTTPDataResponse.m in Sources */,
				2B26105C199B61C300A0E0EF /* UnitTest.m in Sources */,
				2B26105E199B61C300A0E0EF /* DDAbstractDatabaseLogger.m in Sources */,
				2B26106D199B61C300A0E0EF /* MultipartFormDataParser.m in Sources */,
				2B26105F199B61C300A0E0EF /* DDASLLogger.m in Sources */,
				2B261077199B61C300A0E0EF /* Console.m in Sources */,
				2B261070199B61C300A0E0EF /* HTTPAsyncFileResponse.m in Sources */,
				2B261085199B61DE00A0E0EF /* TestDate.m in Sources */,
				2B261051199B61C300A0E0EF /* NSArrayExt.m in Sources */,
				2B26105B199B61C300A0E0EF /* TestSuite.swift in Sources */,
				2B261086199B61DE00A0E0EF /* TestDictionary.m in Sources */,
				2B261062199B61C300A0E0EF /* DDTTYLogger.m in Sources */,
				2B261064199B61C300A0E0EF /* DispatchQueueLogFormatter.m in Sources */,
				2B261054199B61C300A0E0EF /* NSDictionaryExt.m in Sources */,
				2B26106C199B61C300A0E0EF /* HTTPServer.m in Sources */,
				2B26105A199B61C300A0E0EF /* Logger.m in Sources */,
				2B261078199B61C300A0E0EF /* NSStringConsoleExt.m in Sources */,
				2B261063199B61C300A0E0EF /* ContextFilterLogFormatter.m in Sources */,
				2B261055199B61C300A0E0EF /* NSNumberExt.m in Sources */,
				2B261072199B61C300A0E0EF /* HTTPDynamicFileResponse.m in Sources */,
				2B261058199B61C300A0E0EF /* NSValueExt.m in Sources */,
				2B261076199B61C300A0E0EF /* WebSocket.m in Sources */,
				2B261088199B61DE00A0E0EF /* TestObject.m in Sources */,
				2B261067199B61C300A0E0EF /* DDNumber.m in Sources */,
				2B261060199B61C300A0E0EF /* DDFileLogger.m in Sources */,
				2B261084199B61DE00A0E0EF /* TestClass.m in Sources */,
				2B26106B199B61C300A0E0EF /* HTTPMessage.m in Sources */,
				2B261068199B61C300A0E0EF /* DDRange.m in Sources */,
				2B261061199B61C300A0E0EF /* DDLog.m in Sources */,
				2B373F3D19816EF800C91A9E /* AppDelegate.swift in Sources */,
				2B26108C199B620800A0E0EF /* TestSwift.swift in Sources */,
				2B261089199B61DE00A0E0EF /* TestString.m in Sources */,
				2B26106E199B61C300A0E0EF /* MultipartMessageHeader.m in Sources */,
				2B261059199B61C300A0E0EF /* UnitTestUI.m in Sources */,
				2B261074199B61C300A0E0EF /* HTTPFileResponse.m in Sources */,
				2B261053199B61C300A0E0EF /* NSDateExt.m in Sources */,
				2B26105D199B61C300A0E0EF /* GCDAsyncSocket.m in Sources */,
				2B26107A199B61C300A0E0EF /* UIViewConsoleExt.m in Sources */,
				2B261087199B61DE00A0E0EF /* TestNumber.m in Sources */,
			);
			runOnlyForDeploymentPostprocessing = 0;
		};
		2B373F4519816EF800C91A9E /* Sources */ = {
			isa = PBXSourcesBuildPhase;
			buildActionMask = 2147483647;
			files = (
				2B373F5019816EF800C91A9E /* TestAppTests.swift in Sources */,
			);
			runOnlyForDeploymentPostprocessing = 0;
		};
/* End PBXSourcesBuildPhase section */

/* Begin PBXTargetDependency section */
		2B373F4B19816EF800C91A9E /* PBXTargetDependency */ = {
			isa = PBXTargetDependency;
			target = 2B373F3619816EF800C91A9E /* TestApp */;
			targetProxy = 2B373F4A19816EF800C91A9E /* PBXContainerItemProxy */;
		};
/* End PBXTargetDependency section */

/* Begin PBXVariantGroup section */
		2B373F4019816EF800C91A9E /* Main.storyboard */ = {
			isa = PBXVariantGroup;
			children = (
				2B373F4119816EF800C91A9E /* Base */,
			);
			name = Main.storyboard;
			sourceTree = "<group>";
		};
/* End PBXVariantGroup section */

/* Begin XCBuildConfiguration section */
		2B373F5119816EF800C91A9E /* Debug */ = {
			isa = XCBuildConfiguration;
			buildSettings = {
				ALWAYS_SEARCH_USER_PATHS = NO;
				CLANG_CXX_LANGUAGE_STANDARD = "gnu++0x";
				CLANG_CXX_LIBRARY = "libc++";
				CLANG_ENABLE_MODULES = YES;
				CLANG_ENABLE_OBJC_ARC = YES;
				CLANG_WARN_BOOL_CONVERSION = YES;
				CLANG_WARN_CONSTANT_CONVERSION = YES;
				CLANG_WARN_DIRECT_OBJC_ISA_USAGE = YES_ERROR;
				CLANG_WARN_EMPTY_BODY = YES;
				CLANG_WARN_ENUM_CONVERSION = YES;
				CLANG_WARN_INT_CONVERSION = YES;
				CLANG_WARN_OBJC_ROOT_CLASS = YES_ERROR;
				CLANG_WARN_UNREACHABLE_CODE = YES;
				CLANG_WARN__DUPLICATE_METHOD_MATCH = YES;
				"CODE_SIGN_IDENTITY[sdk=iphoneos*]" = "iPhone Developer";
				COPY_PHASE_STRIP = NO;
				ENABLE_STRICT_OBJC_MSGSEND = YES;
				GCC_C_LANGUAGE_STANDARD = gnu99;
				GCC_DYNAMIC_NO_PIC = NO;
				GCC_OPTIMIZATION_LEVEL = 0;
				GCC_PREPROCESSOR_DEFINITIONS = (
					"DEBUG=1",
					"$(inherited)",
				);
				GCC_SYMBOLS_PRIVATE_EXTERN = NO;
				GCC_WARN_64_TO_32_BIT_CONVERSION = YES;
				GCC_WARN_ABOUT_RETURN_TYPE = YES_ERROR;
				GCC_WARN_UNDECLARED_SELECTOR = YES;
				GCC_WARN_UNINITIALIZED_AUTOS = YES_AGGRESSIVE;
				GCC_WARN_UNUSED_FUNCTION = YES;
				GCC_WARN_UNUSED_VARIABLE = YES;
				IPHONEOS_DEPLOYMENT_TARGET = 8.0;
				MTL_ENABLE_DEBUG_INFO = YES;
				ONLY_ACTIVE_ARCH = YES;
				SDKROOT = iphoneos;
				SWIFT_OPTIMIZATION_LEVEL = "-Onone";
				TARGETED_DEVICE_FAMILY = "1,2";
			};
			name = Debug;
		};
		2B373F5219816EF800C91A9E /* Release */ = {
			isa = XCBuildConfiguration;
			buildSettings = {
				ALWAYS_SEARCH_USER_PATHS = NO;
				CLANG_CXX_LANGUAGE_STANDARD = "gnu++0x";
				CLANG_CXX_LIBRARY = "libc++";
				CLANG_ENABLE_MODULES = YES;
				CLANG_ENABLE_OBJC_ARC = YES;
				CLANG_WARN_BOOL_CONVERSION = YES;
				CLANG_WARN_CONSTANT_CONVERSION = YES;
				CLANG_WARN_DIRECT_OBJC_ISA_USAGE = YES_ERROR;
				CLANG_WARN_EMPTY_BODY = YES;
				CLANG_WARN_ENUM_CONVERSION = YES;
				CLANG_WARN_INT_CONVERSION = YES;
				CLANG_WARN_OBJC_ROOT_CLASS = YES_ERROR;
				CLANG_WARN_UNREACHABLE_CODE = YES;
				CLANG_WARN__DUPLICATE_METHOD_MATCH = YES;
				"CODE_SIGN_IDENTITY[sdk=iphoneos*]" = "iPhone Developer";
				COPY_PHASE_STRIP = YES;
				ENABLE_NS_ASSERTIONS = NO;
				ENABLE_STRICT_OBJC_MSGSEND = YES;
				GCC_C_LANGUAGE_STANDARD = gnu99;
				GCC_WARN_64_TO_32_BIT_CONVERSION = YES;
				GCC_WARN_ABOUT_RETURN_TYPE = YES_ERROR;
				GCC_WARN_UNDECLARED_SELECTOR = YES;
				GCC_WARN_UNINITIALIZED_AUTOS = YES_AGGRESSIVE;
				GCC_WARN_UNUSED_FUNCTION = YES;
				GCC_WARN_UNUSED_VARIABLE = YES;
				IPHONEOS_DEPLOYMENT_TARGET = 8.0;
				MTL_ENABLE_DEBUG_INFO = NO;
				SDKROOT = iphoneos;
				TARGETED_DEVICE_FAMILY = "1,2";
				VALIDATE_PRODUCT = YES;
			};
			name = Release;
		};
		2B373F5419816EF800C91A9E /* Debug */ = {
			isa = XCBuildConfiguration;
			buildSettings = {
				ASSETCATALOG_COMPILER_APPICON_NAME = AppIcon;
				ASSETCATALOG_COMPILER_LAUNCHIMAGE_NAME = LaunchImage;
				ENABLE_STRICT_OBJC_MSGSEND = NO;
				INFOPLIST_FILE = TestApp/Info.plist;
				LD_RUNPATH_SEARCH_PATHS = "$(inherited) @executable_path/Frameworks";
				PRODUCT_NAME = "$(TARGET_NAME)";
				SWIFT_OBJC_BRIDGING_HEADER = "Swicat-Bridging-Header.h";
			};
			name = Debug;
		};
		2B373F5519816EF800C91A9E /* Release */ = {
			isa = XCBuildConfiguration;
			buildSettings = {
				ASSETCATALOG_COMPILER_APPICON_NAME = AppIcon;
				ASSETCATALOG_COMPILER_LAUNCHIMAGE_NAME = LaunchImage;
				ENABLE_STRICT_OBJC_MSGSEND = NO;
				INFOPLIST_FILE = TestApp/Info.plist;
				LD_RUNPATH_SEARCH_PATHS = "$(inherited) @executable_path/Frameworks";
				PRODUCT_NAME = "$(TARGET_NAME)";
				SWIFT_OBJC_BRIDGING_HEADER = "Swicat-Bridging-Header.h";
			};
			name = Release;
		};
		2B373F5719816EF800C91A9E /* Debug */ = {
			isa = XCBuildConfiguration;
			buildSettings = {
				BUNDLE_LOADER = "$(BUILT_PRODUCTS_DIR)/TestApp.app/TestApp";
				FRAMEWORK_SEARCH_PATHS = (
					"$(SDKROOT)/Developer/Library/Frameworks",
					"$(inherited)",
				);
				GCC_PREPROCESSOR_DEFINITIONS = (
					"DEBUG=1",
					"$(inherited)",
				);
				INFOPLIST_FILE = TestAppTests/Info.plist;
				LD_RUNPATH_SEARCH_PATHS = "$(inherited) @executable_path/Frameworks @loader_path/Frameworks";
				PRODUCT_NAME = "$(TARGET_NAME)";
				TEST_HOST = "$(BUNDLE_LOADER)";
			};
			name = Debug;
		};
		2B373F5819816EF800C91A9E /* Release */ = {
			isa = XCBuildConfiguration;
			buildSettings = {
				BUNDLE_LOADER = "$(BUILT_PRODUCTS_DIR)/TestApp.app/TestApp";
				FRAMEWORK_SEARCH_PATHS = (
					"$(SDKROOT)/Developer/Library/Frameworks",
					"$(inherited)",
				);
				INFOPLIST_FILE = TestAppTests/Info.plist;
				LD_RUNPATH_SEARCH_PATHS = "$(inherited) @executable_path/Frameworks @loader_path/Frameworks";
				PRODUCT_NAME = "$(TARGET_NAME)";
				TEST_HOST = "$(BUNDLE_LOADER)";
			};
			name = Release;
		};
/* End XCBuildConfiguration section */

/* Begin XCConfigurationList section */
		2B373F3219816EF800C91A9E /* Build configuration list for PBXProject "TestApp" */ = {
			isa = XCConfigurationList;
			buildConfigurations = (
				2B373F5119816EF800C91A9E /* Debug */,
				2B373F5219816EF800C91A9E /* Release */,
			);
			defaultConfigurationIsVisible = 0;
			defaultConfigurationName = Release;
		};
		2B373F5319816EF800C91A9E /* Build configuration list for PBXNativeTarget "TestApp" */ = {
			isa = XCConfigurationList;
			buildConfigurations = (
				2B373F5419816EF800C91A9E /* Debug */,
				2B373F5519816EF800C91A9E /* Release */,
			);
			defaultConfigurationIsVisible = 0;
			defaultConfigurationName = Release;
		};
		2B373F5619816EF800C91A9E /* Build configuration list for PBXNativeTarget "TestAppTests" */ = {
			isa = XCConfigurationList;
			buildConfigurations = (
				2B373F5719816EF800C91A9E /* Debug */,
				2B373F5819816EF800C91A9E /* Release */,
			);
			defaultConfigurationIsVisible = 0;
			defaultConfigurationName = Release;
		};
/* End XCConfigurationList section */
	};
	rootObject = 2B373F2F19816EF800C91A9E /* Project object */;
}
