// !$*UTF8*$!
{
	archiveVersion = 1;
	classes = {
	};
	objectVersion = 46;
	objects = {

/* Begin PBXBuildFile section */
		1C8695D71B0F0234006724E5 /* NSArrayExt.m in Sources */ = {isa = PBXBuildFile; fileRef = 1C86956C1B0F0234006724E5 /* NSArrayExt.m */; };
		1C8695D81B0F0234006724E5 /* NSArrayExt.m in Sources */ = {isa = PBXBuildFile; fileRef = 1C86956C1B0F0234006724E5 /* NSArrayExt.m */; };
		1C8695D91B0F0234006724E5 /* NSClassExt.m in Sources */ = {isa = PBXBuildFile; fileRef = 1C86956E1B0F0234006724E5 /* NSClassExt.m */; };
		1C8695DA1B0F0234006724E5 /* NSClassExt.m in Sources */ = {isa = PBXBuildFile; fileRef = 1C86956E1B0F0234006724E5 /* NSClassExt.m */; };
		1C8695DB1B0F0234006724E5 /* NSDateExt.m in Sources */ = {isa = PBXBuildFile; fileRef = 1C8695701B0F0234006724E5 /* NSDateExt.m */; };
		1C8695DC1B0F0234006724E5 /* NSDateExt.m in Sources */ = {isa = PBXBuildFile; fileRef = 1C8695701B0F0234006724E5 /* NSDateExt.m */; };
		1C8695DD1B0F0234006724E5 /* NSDictionaryExt.m in Sources */ = {isa = PBXBuildFile; fileRef = 1C8695721B0F0234006724E5 /* NSDictionaryExt.m */; };
		1C8695DE1B0F0234006724E5 /* NSDictionaryExt.m in Sources */ = {isa = PBXBuildFile; fileRef = 1C8695721B0F0234006724E5 /* NSDictionaryExt.m */; };
		1C8695DF1B0F0234006724E5 /* NSNumberExt.m in Sources */ = {isa = PBXBuildFile; fileRef = 1C8695741B0F0234006724E5 /* NSNumberExt.m */; };
		1C8695E01B0F0234006724E5 /* NSNumberExt.m in Sources */ = {isa = PBXBuildFile; fileRef = 1C8695741B0F0234006724E5 /* NSNumberExt.m */; };
		1C8695E11B0F0234006724E5 /* NSObjectExt.m in Sources */ = {isa = PBXBuildFile; fileRef = 1C8695761B0F0234006724E5 /* NSObjectExt.m */; };
		1C8695E21B0F0234006724E5 /* NSObjectExt.m in Sources */ = {isa = PBXBuildFile; fileRef = 1C8695761B0F0234006724E5 /* NSObjectExt.m */; };
		1C8695E31B0F0234006724E5 /* NSStringExt.m in Sources */ = {isa = PBXBuildFile; fileRef = 1C8695781B0F0234006724E5 /* NSStringExt.m */; };
		1C8695E41B0F0234006724E5 /* NSStringExt.m in Sources */ = {isa = PBXBuildFile; fileRef = 1C8695781B0F0234006724E5 /* NSStringExt.m */; };
		1C8695E51B0F0234006724E5 /* NSValueExt.m in Sources */ = {isa = PBXBuildFile; fileRef = 1C86957A1B0F0234006724E5 /* NSValueExt.m */; };
		1C8695E61B0F0234006724E5 /* NSValueExt.m in Sources */ = {isa = PBXBuildFile; fileRef = 1C86957A1B0F0234006724E5 /* NSValueExt.m */; };
		1C8695E71B0F0234006724E5 /* UnitTestUI.m in Sources */ = {isa = PBXBuildFile; fileRef = 1C86957D1B0F0234006724E5 /* UnitTestUI.m */; };
		1C8695E81B0F0234006724E5 /* UnitTestUI.m in Sources */ = {isa = PBXBuildFile; fileRef = 1C86957D1B0F0234006724E5 /* UnitTestUI.m */; };
		1C8695E91B0F0234006724E5 /* Logger.m in Sources */ = {isa = PBXBuildFile; fileRef = 1C8695801B0F0234006724E5 /* Logger.m */; };
		1C8695EA1B0F0234006724E5 /* Logger.m in Sources */ = {isa = PBXBuildFile; fileRef = 1C8695801B0F0234006724E5 /* Logger.m */; };
		1C8695EB1B0F0234006724E5 /* TestSuite.swift in Sources */ = {isa = PBXBuildFile; fileRef = 1C8695811B0F0234006724E5 /* TestSuite.swift */; };
		1C8695EC1B0F0234006724E5 /* TestSuite.swift in Sources */ = {isa = PBXBuildFile; fileRef = 1C8695811B0F0234006724E5 /* TestSuite.swift */; };
		1C8695ED1B0F0234006724E5 /* UnitTest.m in Sources */ = {isa = PBXBuildFile; fileRef = 1C8695831B0F0234006724E5 /* UnitTest.m */; };
		1C8695EE1B0F0234006724E5 /* UnitTest.m in Sources */ = {isa = PBXBuildFile; fileRef = 1C8695831B0F0234006724E5 /* UnitTest.m */; };
		1C8695EF1B0F0234006724E5 /* GCDAsyncSocket.m in Sources */ = {isa = PBXBuildFile; fileRef = 1C8695881B0F0234006724E5 /* GCDAsyncSocket.m */; };
		1C8695F01B0F0234006724E5 /* GCDAsyncSocket.m in Sources */ = {isa = PBXBuildFile; fileRef = 1C8695881B0F0234006724E5 /* GCDAsyncSocket.m */; };
		1C8695F11B0F0234006724E5 /* DDAbstractDatabaseLogger.m in Sources */ = {isa = PBXBuildFile; fileRef = 1C86958B1B0F0234006724E5 /* DDAbstractDatabaseLogger.m */; };
		1C8695F21B0F0234006724E5 /* DDAbstractDatabaseLogger.m in Sources */ = {isa = PBXBuildFile; fileRef = 1C86958B1B0F0234006724E5 /* DDAbstractDatabaseLogger.m */; };
		1C8695F31B0F0234006724E5 /* DDASLLogger.m in Sources */ = {isa = PBXBuildFile; fileRef = 1C86958D1B0F0234006724E5 /* DDASLLogger.m */; };
		1C8695F41B0F0234006724E5 /* DDASLLogger.m in Sources */ = {isa = PBXBuildFile; fileRef = 1C86958D1B0F0234006724E5 /* DDASLLogger.m */; };
		1C8695F51B0F0234006724E5 /* DDFileLogger.m in Sources */ = {isa = PBXBuildFile; fileRef = 1C86958F1B0F0234006724E5 /* DDFileLogger.m */; };
		1C8695F61B0F0234006724E5 /* DDFileLogger.m in Sources */ = {isa = PBXBuildFile; fileRef = 1C86958F1B0F0234006724E5 /* DDFileLogger.m */; };
		1C8695F71B0F0234006724E5 /* DDLog.m in Sources */ = {isa = PBXBuildFile; fileRef = 1C8695911B0F0234006724E5 /* DDLog.m */; };
		1C8695F81B0F0234006724E5 /* DDLog.m in Sources */ = {isa = PBXBuildFile; fileRef = 1C8695911B0F0234006724E5 /* DDLog.m */; };
		1C8695F91B0F0234006724E5 /* DDTTYLogger.m in Sources */ = {isa = PBXBuildFile; fileRef = 1C8695931B0F0234006724E5 /* DDTTYLogger.m */; };
		1C8695FA1B0F0234006724E5 /* DDTTYLogger.m in Sources */ = {isa = PBXBuildFile; fileRef = 1C8695931B0F0234006724E5 /* DDTTYLogger.m */; };
		1C8695FB1B0F0234006724E5 /* ContextFilterLogFormatter.m in Sources */ = {isa = PBXBuildFile; fileRef = 1C8695961B0F0234006724E5 /* ContextFilterLogFormatter.m */; };
		1C8695FC1B0F0234006724E5 /* ContextFilterLogFormatter.m in Sources */ = {isa = PBXBuildFile; fileRef = 1C8695961B0F0234006724E5 /* ContextFilterLogFormatter.m */; };
		1C8695FD1B0F0234006724E5 /* DispatchQueueLogFormatter.m in Sources */ = {isa = PBXBuildFile; fileRef = 1C8695981B0F0234006724E5 /* DispatchQueueLogFormatter.m */; };
		1C8695FE1B0F0234006724E5 /* DispatchQueueLogFormatter.m in Sources */ = {isa = PBXBuildFile; fileRef = 1C8695981B0F0234006724E5 /* DispatchQueueLogFormatter.m */; };
		1C8695FF1B0F0234006724E5 /* README.txt in Resources */ = {isa = PBXBuildFile; fileRef = 1C8695991B0F0234006724E5 /* README.txt */; };
		1C8696001B0F0234006724E5 /* README.txt in Resources */ = {isa = PBXBuildFile; fileRef = 1C8695991B0F0234006724E5 /* README.txt */; };
		1C8696011B0F0234006724E5 /* DDData.m in Sources */ = {isa = PBXBuildFile; fileRef = 1C86959D1B0F0234006724E5 /* DDData.m */; };
		1C8696021B0F0234006724E5 /* DDData.m in Sources */ = {isa = PBXBuildFile; fileRef = 1C86959D1B0F0234006724E5 /* DDData.m */; };
		1C8696031B0F0234006724E5 /* DDNumber.m in Sources */ = {isa = PBXBuildFile; fileRef = 1C86959F1B0F0234006724E5 /* DDNumber.m */; };
		1C8696041B0F0234006724E5 /* DDNumber.m in Sources */ = {isa = PBXBuildFile; fileRef = 1C86959F1B0F0234006724E5 /* DDNumber.m */; };
		1C8696051B0F0234006724E5 /* DDRange.m in Sources */ = {isa = PBXBuildFile; fileRef = 1C8695A11B0F0234006724E5 /* DDRange.m */; };
		1C8696061B0F0234006724E5 /* DDRange.m in Sources */ = {isa = PBXBuildFile; fileRef = 1C8695A11B0F0234006724E5 /* DDRange.m */; };
		1C8696071B0F0234006724E5 /* HTTPAuthenticationRequest.m in Sources */ = {isa = PBXBuildFile; fileRef = 1C8695A31B0F0234006724E5 /* HTTPAuthenticationRequest.m */; };
		1C8696081B0F0234006724E5 /* HTTPAuthenticationRequest.m in Sources */ = {isa = PBXBuildFile; fileRef = 1C8695A31B0F0234006724E5 /* HTTPAuthenticationRequest.m */; };
		1C8696091B0F0234006724E5 /* HTTPConnection.m in Sources */ = {isa = PBXBuildFile; fileRef = 1C8695A51B0F0234006724E5 /* HTTPConnection.m */; };
		1C86960A1B0F0234006724E5 /* HTTPConnection.m in Sources */ = {isa = PBXBuildFile; fileRef = 1C8695A51B0F0234006724E5 /* HTTPConnection.m */; };
		1C86960B1B0F0234006724E5 /* HTTPMessage.m in Sources */ = {isa = PBXBuildFile; fileRef = 1C8695A81B0F0234006724E5 /* HTTPMessage.m */; };
		1C86960C1B0F0234006724E5 /* HTTPMessage.m in Sources */ = {isa = PBXBuildFile; fileRef = 1C8695A81B0F0234006724E5 /* HTTPMessage.m */; };
		1C86960D1B0F0234006724E5 /* HTTPServer.m in Sources */ = {isa = PBXBuildFile; fileRef = 1C8695AB1B0F0234006724E5 /* HTTPServer.m */; };
		1C86960E1B0F0234006724E5 /* HTTPServer.m in Sources */ = {isa = PBXBuildFile; fileRef = 1C8695AB1B0F0234006724E5 /* HTTPServer.m */; };
		1C86960F1B0F0234006724E5 /* MultipartFormDataParser.m in Sources */ = {isa = PBXBuildFile; fileRef = 1C8695AE1B0F0234006724E5 /* MultipartFormDataParser.m */; };
		1C8696101B0F0234006724E5 /* MultipartFormDataParser.m in Sources */ = {isa = PBXBuildFile; fileRef = 1C8695AE1B0F0234006724E5 /* MultipartFormDataParser.m */; };
		1C8696111B0F0234006724E5 /* MultipartMessageHeader.m in Sources */ = {isa = PBXBuildFile; fileRef = 1C8695B01B0F0234006724E5 /* MultipartMessageHeader.m */; };
		1C8696121B0F0234006724E5 /* MultipartMessageHeader.m in Sources */ = {isa = PBXBuildFile; fileRef = 1C8695B01B0F0234006724E5 /* MultipartMessageHeader.m */; };
		1C8696131B0F0234006724E5 /* MultipartMessageHeaderField.m in Sources */ = {isa = PBXBuildFile; fileRef = 1C8695B21B0F0234006724E5 /* MultipartMessageHeaderField.m */; };
		1C8696141B0F0234006724E5 /* MultipartMessageHeaderField.m in Sources */ = {isa = PBXBuildFile; fileRef = 1C8695B21B0F0234006724E5 /* MultipartMessageHeaderField.m */; };
		1C8696151B0F0234006724E5 /* HTTPAsyncFileResponse.m in Sources */ = {isa = PBXBuildFile; fileRef = 1C8695B51B0F0234006724E5 /* HTTPAsyncFileResponse.m */; };
		1C8696161B0F0234006724E5 /* HTTPAsyncFileResponse.m in Sources */ = {isa = PBXBuildFile; fileRef = 1C8695B51B0F0234006724E5 /* HTTPAsyncFileResponse.m */; };
		1C8696171B0F0234006724E5 /* HTTPDataResponse.m in Sources */ = {isa = PBXBuildFile; fileRef = 1C8695B71B0F0234006724E5 /* HTTPDataResponse.m */; };
		1C8696181B0F0234006724E5 /* HTTPDataResponse.m in Sources */ = {isa = PBXBuildFile; fileRef = 1C8695B71B0F0234006724E5 /* HTTPDataResponse.m */; };
		1C8696191B0F0234006724E5 /* HTTPDynamicFileResponse.m in Sources */ = {isa = PBXBuildFile; fileRef = 1C8695B91B0F0234006724E5 /* HTTPDynamicFileResponse.m */; };
		1C86961A1B0F0234006724E5 /* HTTPDynamicFileResponse.m in Sources */ = {isa = PBXBuildFile; fileRef = 1C8695B91B0F0234006724E5 /* HTTPDynamicFileResponse.m */; };
		1C86961B1B0F0234006724E5 /* HTTPErrorResponse.m in Sources */ = {isa = PBXBuildFile; fileRef = 1C8695BB1B0F0234006724E5 /* HTTPErrorResponse.m */; };
		1C86961C1B0F0234006724E5 /* HTTPErrorResponse.m in Sources */ = {isa = PBXBuildFile; fileRef = 1C8695BB1B0F0234006724E5 /* HTTPErrorResponse.m */; };
		1C86961D1B0F0234006724E5 /* HTTPFileResponse.m in Sources */ = {isa = PBXBuildFile; fileRef = 1C8695BD1B0F0234006724E5 /* HTTPFileResponse.m */; };
		1C86961E1B0F0234006724E5 /* HTTPFileResponse.m in Sources */ = {isa = PBXBuildFile; fileRef = 1C8695BD1B0F0234006724E5 /* HTTPFileResponse.m */; };
		1C86961F1B0F0234006724E5 /* HTTPRedirectResponse.m in Sources */ = {isa = PBXBuildFile; fileRef = 1C8695BF1B0F0234006724E5 /* HTTPRedirectResponse.m */; };
		1C8696201B0F0234006724E5 /* HTTPRedirectResponse.m in Sources */ = {isa = PBXBuildFile; fileRef = 1C8695BF1B0F0234006724E5 /* HTTPRedirectResponse.m */; };
		1C8696211B0F0234006724E5 /* WebSocket.m in Sources */ = {isa = PBXBuildFile; fileRef = 1C8695C11B0F0234006724E5 /* WebSocket.m */; };
		1C8696221B0F0234006724E5 /* WebSocket.m in Sources */ = {isa = PBXBuildFile; fileRef = 1C8695C11B0F0234006724E5 /* WebSocket.m */; };
		1C8696231B0F0234006724E5 /* Console.m in Sources */ = {isa = PBXBuildFile; fileRef = 1C8695C41B0F0234006724E5 /* Console.m */; };
		1C8696241B0F0234006724E5 /* Console.m in Sources */ = {isa = PBXBuildFile; fileRef = 1C8695C41B0F0234006724E5 /* Console.m */; };
		1C8696251B0F0234006724E5 /* NSStringConsoleExt.m in Sources */ = {isa = PBXBuildFile; fileRef = 1C8695C61B0F0234006724E5 /* NSStringConsoleExt.m */; };
		1C8696261B0F0234006724E5 /* NSStringConsoleExt.m in Sources */ = {isa = PBXBuildFile; fileRef = 1C8695C61B0F0234006724E5 /* NSStringConsoleExt.m */; };
		1C8696271B0F0234006724E5 /* ResponseHandler.m in Sources */ = {isa = PBXBuildFile; fileRef = 1C8695C81B0F0234006724E5 /* ResponseHandler.m */; };
		1C8696281B0F0234006724E5 /* ResponseHandler.m in Sources */ = {isa = PBXBuildFile; fileRef = 1C8695C81B0F0234006724E5 /* ResponseHandler.m */; };
		1C8696291B0F0234006724E5 /* UIViewConsoleExt.m in Sources */ = {isa = PBXBuildFile; fileRef = 1C8695CA1B0F0234006724E5 /* UIViewConsoleExt.m */; };
		1C86962A1B0F0234006724E5 /* UIViewConsoleExt.m in Sources */ = {isa = PBXBuildFile; fileRef = 1C8695CA1B0F0234006724E5 /* UIViewConsoleExt.m */; };
		1C86962B1B0F0234006724E5 /* TestArray.m in Sources */ = {isa = PBXBuildFile; fileRef = 1C8695CD1B0F0234006724E5 /* TestArray.m */; };
		1C86962C1B0F0234006724E5 /* TestArray.m in Sources */ = {isa = PBXBuildFile; fileRef = 1C8695CD1B0F0234006724E5 /* TestArray.m */; };
		1C86962D1B0F0234006724E5 /* TestClass.m in Sources */ = {isa = PBXBuildFile; fileRef = 1C8695CE1B0F0234006724E5 /* TestClass.m */; };
		1C86962E1B0F0234006724E5 /* TestClass.m in Sources */ = {isa = PBXBuildFile; fileRef = 1C8695CE1B0F0234006724E5 /* TestClass.m */; };
		1C86962F1B0F0234006724E5 /* TestDate.m in Sources */ = {isa = PBXBuildFile; fileRef = 1C8695CF1B0F0234006724E5 /* TestDate.m */; };
		1C8696301B0F0234006724E5 /* TestDate.m in Sources */ = {isa = PBXBuildFile; fileRef = 1C8695CF1B0F0234006724E5 /* TestDate.m */; };
		1C8696311B0F0234006724E5 /* TestDictionary.m in Sources */ = {isa = PBXBuildFile; fileRef = 1C8695D01B0F0234006724E5 /* TestDictionary.m */; };
		1C8696321B0F0234006724E5 /* TestDictionary.m in Sources */ = {isa = PBXBuildFile; fileRef = 1C8695D01B0F0234006724E5 /* TestDictionary.m */; };
		1C8696331B0F0234006724E5 /* TestNumber.m in Sources */ = {isa = PBXBuildFile; fileRef = 1C8695D11B0F0234006724E5 /* TestNumber.m */; };
		1C8696341B0F0234006724E5 /* TestNumber.m in Sources */ = {isa = PBXBuildFile; fileRef = 1C8695D11B0F0234006724E5 /* TestNumber.m */; };
		1C8696351B0F0234006724E5 /* TestObject.m in Sources */ = {isa = PBXBuildFile; fileRef = 1C8695D21B0F0234006724E5 /* TestObject.m */; };
		1C8696361B0F0234006724E5 /* TestObject.m in Sources */ = {isa = PBXBuildFile; fileRef = 1C8695D21B0F0234006724E5 /* TestObject.m */; };
		1C8696371B0F0234006724E5 /* TestString.m in Sources */ = {isa = PBXBuildFile; fileRef = 1C8695D31B0F0234006724E5 /* TestString.m */; };
		1C8696381B0F0234006724E5 /* TestString.m in Sources */ = {isa = PBXBuildFile; fileRef = 1C8695D31B0F0234006724E5 /* TestString.m */; };
		1C8696391B0F0234006724E5 /* TestSwift.swift in Sources */ = {isa = PBXBuildFile; fileRef = 1C8695D51B0F0234006724E5 /* TestSwift.swift */; };
		1C86963A1B0F0234006724E5 /* TestSwift.swift in Sources */ = {isa = PBXBuildFile; fileRef = 1C8695D51B0F0234006724E5 /* TestSwift.swift */; };
		2B373F3D19816EF800C91A9E /* AppDelegate.swift in Sources */ = {isa = PBXBuildFile; fileRef = 2B373F3C19816EF800C91A9E /* AppDelegate.swift */; };
		2B373F3F19816EF800C91A9E /* ViewController.swift in Sources */ = {isa = PBXBuildFile; fileRef = 2B373F3E19816EF800C91A9E /* ViewController.swift */; };
		2B373F4219816EF800C91A9E /* Main.storyboard in Resources */ = {isa = PBXBuildFile; fileRef = 2B373F4019816EF800C91A9E /* Main.storyboard */; };
		2B373F4419816EF800C91A9E /* Images.xcassets in Resources */ = {isa = PBXBuildFile; fileRef = 2B373F4319816EF800C91A9E /* Images.xcassets */; };
/* End PBXBuildFile section */

/* Begin PBXContainerItemProxy section */
		2B373F4A19816EF800C91A9E /* PBXContainerItemProxy */ = {
			isa = PBXContainerItemProxy;
			containerPortal = 2B373F2F19816EF800C91A9E /* Project object */;
			proxyType = 1;
			remoteGlobalIDString = 2B373F3619816EF800C91A9E;
			remoteInfo = TestApp;
		};
/* End PBXContainerItemProxy section */

/* Begin PBXFileReference section */
		1C8695691B0F0234006724E5 /* arccat.h */ = {isa = PBXFileReference; fileEncoding = 4; lastKnownFileType = sourcecode.c.h; path = arccat.h; sourceTree = "<group>"; };
		1C86956B1B0F0234006724E5 /* NSArrayExt.h */ = {isa = PBXFileReference; fileEncoding = 4; lastKnownFileType = sourcecode.c.h; path = NSArrayExt.h; sourceTree = "<group>"; };
		1C86956C1B0F0234006724E5 /* NSArrayExt.m */ = {isa = PBXFileReference; fileEncoding = 4; lastKnownFileType = sourcecode.c.objc; path = NSArrayExt.m; sourceTree = "<group>"; };
		1C86956D1B0F0234006724E5 /* NSClassExt.h */ = {isa = PBXFileReference; fileEncoding = 4; lastKnownFileType = sourcecode.c.h; path = NSClassExt.h; sourceTree = "<group>"; };
		1C86956E1B0F0234006724E5 /* NSClassExt.m */ = {isa = PBXFileReference; fileEncoding = 4; lastKnownFileType = sourcecode.c.objc; path = NSClassExt.m; sourceTree = "<group>"; };
		1C86956F1B0F0234006724E5 /* NSDateExt.h */ = {isa = PBXFileReference; fileEncoding = 4; lastKnownFileType = sourcecode.c.h; path = NSDateExt.h; sourceTree = "<group>"; };
		1C8695701B0F0234006724E5 /* NSDateExt.m */ = {isa = PBXFileReference; fileEncoding = 4; lastKnownFileType = sourcecode.c.objc; path = NSDateExt.m; sourceTree = "<group>"; };
		1C8695711B0F0234006724E5 /* NSDictionaryExt.h */ = {isa = PBXFileReference; fileEncoding = 4; lastKnownFileType = sourcecode.c.h; path = NSDictionaryExt.h; sourceTree = "<group>"; };
		1C8695721B0F0234006724E5 /* NSDictionaryExt.m */ = {isa = PBXFileReference; fileEncoding = 4; lastKnownFileType = sourcecode.c.objc; path = NSDictionaryExt.m; sourceTree = "<group>"; };
		1C8695731B0F0234006724E5 /* NSNumberExt.h */ = {isa = PBXFileReference; fileEncoding = 4; lastKnownFileType = sourcecode.c.h; path = NSNumberExt.h; sourceTree = "<group>"; };
		1C8695741B0F0234006724E5 /* NSNumberExt.m */ = {isa = PBXFileReference; fileEncoding = 4; lastKnownFileType = sourcecode.c.objc; path = NSNumberExt.m; sourceTree = "<group>"; };
		1C8695751B0F0234006724E5 /* NSObjectExt.h */ = {isa = PBXFileReference; fileEncoding = 4; lastKnownFileType = sourcecode.c.h; path = NSObjectExt.h; sourceTree = "<group>"; };
		1C8695761B0F0234006724E5 /* NSObjectExt.m */ = {isa = PBXFileReference; fileEncoding = 4; lastKnownFileType = sourcecode.c.objc; path = NSObjectExt.m; sourceTree = "<group>"; };
		1C8695771B0F0234006724E5 /* NSStringExt.h */ = {isa = PBXFileReference; fileEncoding = 4; lastKnownFileType = sourcecode.c.h; path = NSStringExt.h; sourceTree = "<group>"; };
		1C8695781B0F0234006724E5 /* NSStringExt.m */ = {isa = PBXFileReference; fileEncoding = 4; lastKnownFileType = sourcecode.c.objc; path = NSStringExt.m; sourceTree = "<group>"; };
		1C8695791B0F0234006724E5 /* NSValueExt.h */ = {isa = PBXFileReference; fileEncoding = 4; lastKnownFileType = sourcecode.c.h; path = NSValueExt.h; sourceTree = "<group>"; };
		1C86957A1B0F0234006724E5 /* NSValueExt.m */ = {isa = PBXFileReference; fileEncoding = 4; lastKnownFileType = sourcecode.c.objc; path = NSValueExt.m; sourceTree = "<group>"; };
		1C86957C1B0F0234006724E5 /* UnitTestUI.h */ = {isa = PBXFileReference; fileEncoding = 4; lastKnownFileType = sourcecode.c.h; path = UnitTestUI.h; sourceTree = "<group>"; };
		1C86957D1B0F0234006724E5 /* UnitTestUI.m */ = {isa = PBXFileReference; fileEncoding = 4; lastKnownFileType = sourcecode.c.objc; path = UnitTestUI.m; sourceTree = "<group>"; };
		1C86957F1B0F0234006724E5 /* Logger.h */ = {isa = PBXFileReference; fileEncoding = 4; lastKnownFileType = sourcecode.c.h; path = Logger.h; sourceTree = "<group>"; };
		1C8695801B0F0234006724E5 /* Logger.m */ = {isa = PBXFileReference; fileEncoding = 4; lastKnownFileType = sourcecode.c.objc; path = Logger.m; sourceTree = "<group>"; };
		1C8695811B0F0234006724E5 /* TestSuite.swift */ = {isa = PBXFileReference; fileEncoding = 4; lastKnownFileType = sourcecode.swift; path = TestSuite.swift; sourceTree = "<group>"; };
		1C8695821B0F0234006724E5 /* UnitTest.h */ = {isa = PBXFileReference; fileEncoding = 4; lastKnownFileType = sourcecode.c.h; path = UnitTest.h; sourceTree = "<group>"; };
		1C8695831B0F0234006724E5 /* UnitTest.m */ = {isa = PBXFileReference; fileEncoding = 4; lastKnownFileType = sourcecode.c.objc; path = UnitTest.m; sourceTree = "<group>"; };
		1C8695871B0F0234006724E5 /* GCDAsyncSocket.h */ = {isa = PBXFileReference; fileEncoding = 4; lastKnownFileType = sourcecode.c.h; path = GCDAsyncSocket.h; sourceTree = "<group>"; };
		1C8695881B0F0234006724E5 /* GCDAsyncSocket.m */ = {isa = PBXFileReference; fileEncoding = 4; lastKnownFileType = sourcecode.c.objc; path = GCDAsyncSocket.m; sourceTree = "<group>"; };
		1C86958A1B0F0234006724E5 /* DDAbstractDatabaseLogger.h */ = {isa = PBXFileReference; fileEncoding = 4; lastKnownFileType = sourcecode.c.h; path = DDAbstractDatabaseLogger.h; sourceTree = "<group>"; };
		1C86958B1B0F0234006724E5 /* DDAbstractDatabaseLogger.m */ = {isa = PBXFileReference; fileEncoding = 4; lastKnownFileType = sourcecode.c.objc; path = DDAbstractDatabaseLogger.m; sourceTree = "<group>"; };
		1C86958C1B0F0234006724E5 /* DDASLLogger.h */ = {isa = PBXFileReference; fileEncoding = 4; lastKnownFileType = sourcecode.c.h; path = DDASLLogger.h; sourceTree = "<group>"; };
		1C86958D1B0F0234006724E5 /* DDASLLogger.m */ = {isa = PBXFileReference; fileEncoding = 4; lastKnownFileType = sourcecode.c.objc; path = DDASLLogger.m; sourceTree = "<group>"; };
		1C86958E1B0F0234006724E5 /* DDFileLogger.h */ = {isa = PBXFileReference; fileEncoding = 4; lastKnownFileType = sourcecode.c.h; path = DDFileLogger.h; sourceTree = "<group>"; };
		1C86958F1B0F0234006724E5 /* DDFileLogger.m */ = {isa = PBXFileReference; fileEncoding = 4; lastKnownFileType = sourcecode.c.objc; path = DDFileLogger.m; sourceTree = "<group>"; };
		1C8695901B0F0234006724E5 /* DDLog.h */ = {isa = PBXFileReference; fileEncoding = 4; lastKnownFileType = sourcecode.c.h; path = DDLog.h; sourceTree = "<group>"; };
		1C8695911B0F0234006724E5 /* DDLog.m */ = {isa = PBXFileReference; fileEncoding = 4; lastKnownFileType = sourcecode.c.objc; path = DDLog.m; sourceTree = "<group>"; };
		1C8695921B0F0234006724E5 /* DDTTYLogger.h */ = {isa = PBXFileReference; fileEncoding = 4; lastKnownFileType = sourcecode.c.h; path = DDTTYLogger.h; sourceTree = "<group>"; };
		1C8695931B0F0234006724E5 /* DDTTYLogger.m */ = {isa = PBXFileReference; fileEncoding = 4; lastKnownFileType = sourcecode.c.objc; path = DDTTYLogger.m; sourceTree = "<group>"; };
		1C8695951B0F0234006724E5 /* ContextFilterLogFormatter.h */ = {isa = PBXFileReference; fileEncoding = 4; lastKnownFileType = sourcecode.c.h; path = ContextFilterLogFormatter.h; sourceTree = "<group>"; };
		1C8695961B0F0234006724E5 /* ContextFilterLogFormatter.m */ = {isa = PBXFileReference; fileEncoding = 4; lastKnownFileType = sourcecode.c.objc; path = ContextFilterLogFormatter.m; sourceTree = "<group>"; };
		1C8695971B0F0234006724E5 /* DispatchQueueLogFormatter.h */ = {isa = PBXFileReference; fileEncoding = 4; lastKnownFileType = sourcecode.c.h; path = DispatchQueueLogFormatter.h; sourceTree = "<group>"; };
		1C8695981B0F0234006724E5 /* DispatchQueueLogFormatter.m */ = {isa = PBXFileReference; fileEncoding = 4; lastKnownFileType = sourcecode.c.objc; path = DispatchQueueLogFormatter.m; sourceTree = "<group>"; };
		1C8695991B0F0234006724E5 /* README.txt */ = {isa = PBXFileReference; fileEncoding = 4; lastKnownFileType = text; path = README.txt; sourceTree = "<group>"; };
		1C86959C1B0F0234006724E5 /* DDData.h */ = {isa = PBXFileReference; fileEncoding = 4; lastKnownFileType = sourcecode.c.h; path = DDData.h; sourceTree = "<group>"; };
		1C86959D1B0F0234006724E5 /* DDData.m */ = {isa = PBXFileReference; fileEncoding = 4; lastKnownFileType = sourcecode.c.objc; path = DDData.m; sourceTree = "<group>"; };
		1C86959E1B0F0234006724E5 /* DDNumber.h */ = {isa = PBXFileReference; fileEncoding = 4; lastKnownFileType = sourcecode.c.h; path = DDNumber.h; sourceTree = "<group>"; };
		1C86959F1B0F0234006724E5 /* DDNumber.m */ = {isa = PBXFileReference; fileEncoding = 4; lastKnownFileType = sourcecode.c.objc; path = DDNumber.m; sourceTree = "<group>"; };
		1C8695A01B0F0234006724E5 /* DDRange.h */ = {isa = PBXFileReference; fileEncoding = 4; lastKnownFileType = sourcecode.c.h; path = DDRange.h; sourceTree = "<group>"; };
		1C8695A11B0F0234006724E5 /* DDRange.m */ = {isa = PBXFileReference; fileEncoding = 4; lastKnownFileType = sourcecode.c.objc; path = DDRange.m; sourceTree = "<group>"; };
		1C8695A21B0F0234006724E5 /* HTTPAuthenticationRequest.h */ = {isa = PBXFileReference; fileEncoding = 4; lastKnownFileType = sourcecode.c.h; path = HTTPAuthenticationRequest.h; sourceTree = "<group>"; };
		1C8695A31B0F0234006724E5 /* HTTPAuthenticationRequest.m */ = {isa = PBXFileReference; fileEncoding = 4; lastKnownFileType = sourcecode.c.objc; path = HTTPAuthenticationRequest.m; sourceTree = "<group>"; };
		1C8695A41B0F0234006724E5 /* HTTPConnection.h */ = {isa = PBXFileReference; fileEncoding = 4; lastKnownFileType = sourcecode.c.h; path = HTTPConnection.h; sourceTree = "<group>"; };
		1C8695A51B0F0234006724E5 /* HTTPConnection.m */ = {isa = PBXFileReference; fileEncoding = 4; lastKnownFileType = sourcecode.c.objc; path = HTTPConnection.m; sourceTree = "<group>"; };
		1C8695A61B0F0234006724E5 /* HTTPLogging.h */ = {isa = PBXFileReference; fileEncoding = 4; lastKnownFileType = sourcecode.c.h; path = HTTPLogging.h; sourceTree = "<group>"; };
		1C8695A71B0F0234006724E5 /* HTTPMessage.h */ = {isa = PBXFileReference; fileEncoding = 4; lastKnownFileType = sourcecode.c.h; path = HTTPMessage.h; sourceTree = "<group>"; };
		1C8695A81B0F0234006724E5 /* HTTPMessage.m */ = {isa = PBXFileReference; fileEncoding = 4; lastKnownFileType = sourcecode.c.objc; path = HTTPMessage.m; sourceTree = "<group>"; };
		1C8695A91B0F0234006724E5 /* HTTPResponse.h */ = {isa = PBXFileReference; fileEncoding = 4; lastKnownFileType = sourcecode.c.h; path = HTTPResponse.h; sourceTree = "<group>"; };
		1C8695AA1B0F0234006724E5 /* HTTPServer.h */ = {isa = PBXFileReference; fileEncoding = 4; lastKnownFileType = sourcecode.c.h; path = HTTPServer.h; sourceTree = "<group>"; };
		1C8695AB1B0F0234006724E5 /* HTTPServer.m */ = {isa = PBXFileReference; fileEncoding = 4; lastKnownFileType = sourcecode.c.objc; path = HTTPServer.m; sourceTree = "<group>"; };
		1C8695AD1B0F0234006724E5 /* MultipartFormDataParser.h */ = {isa = PBXFileReference; fileEncoding = 4; lastKnownFileType = sourcecode.c.h; path = MultipartFormDataParser.h; sourceTree = "<group>"; };
		1C8695AE1B0F0234006724E5 /* MultipartFormDataParser.m */ = {isa = PBXFileReference; fileEncoding = 4; lastKnownFileType = sourcecode.c.objc; path = MultipartFormDataParser.m; sourceTree = "<group>"; };
		1C8695AF1B0F0234006724E5 /* MultipartMessageHeader.h */ = {isa = PBXFileReference; fileEncoding = 4; lastKnownFileType = sourcecode.c.h; path = MultipartMessageHeader.h; sourceTree = "<group>"; };
		1C8695B01B0F0234006724E5 /* MultipartMessageHeader.m */ = {isa = PBXFileReference; fileEncoding = 4; lastKnownFileType = sourcecode.c.objc; path = MultipartMessageHeader.m; sourceTree = "<group>"; };
		1C8695B11B0F0234006724E5 /* MultipartMessageHeaderField.h */ = {isa = PBXFileReference; fileEncoding = 4; lastKnownFileType = sourcecode.c.h; path = MultipartMessageHeaderField.h; sourceTree = "<group>"; };
		1C8695B21B0F0234006724E5 /* MultipartMessageHeaderField.m */ = {isa = PBXFileReference; fileEncoding = 4; lastKnownFileType = sourcecode.c.objc; path = MultipartMessageHeaderField.m; sourceTree = "<group>"; };
		1C8695B41B0F0234006724E5 /* HTTPAsyncFileResponse.h */ = {isa = PBXFileReference; fileEncoding = 4; lastKnownFileType = sourcecode.c.h; path = HTTPAsyncFileResponse.h; sourceTree = "<group>"; };
		1C8695B51B0F0234006724E5 /* HTTPAsyncFileResponse.m */ = {isa = PBXFileReference; fileEncoding = 4; lastKnownFileType = sourcecode.c.objc; path = HTTPAsyncFileResponse.m; sourceTree = "<group>"; };
		1C8695B61B0F0234006724E5 /* HTTPDataResponse.h */ = {isa = PBXFileReference; fileEncoding = 4; lastKnownFileType = sourcecode.c.h; path = HTTPDataResponse.h; sourceTree = "<group>"; };
		1C8695B71B0F0234006724E5 /* HTTPDataResponse.m */ = {isa = PBXFileReference; fileEncoding = 4; lastKnownFileType = sourcecode.c.objc; path = HTTPDataResponse.m; sourceTree = "<group>"; };
		1C8695B81B0F0234006724E5 /* HTTPDynamicFileResponse.h */ = {isa = PBXFileReference; fileEncoding = 4; lastKnownFileType = sourcecode.c.h; path = HTTPDynamicFileResponse.h; sourceTree = "<group>"; };
		1C8695B91B0F0234006724E5 /* HTTPDynamicFileResponse.m */ = {isa = PBXFileReference; fileEncoding = 4; lastKnownFileType = sourcecode.c.objc; path = HTTPDynamicFileResponse.m; sourceTree = "<group>"; };
		1C8695BA1B0F0234006724E5 /* HTTPErrorResponse.h */ = {isa = PBXFileReference; fileEncoding = 4; lastKnownFileType = sourcecode.c.h; path = HTTPErrorResponse.h; sourceTree = "<group>"; };
		1C8695BB1B0F0234006724E5 /* HTTPErrorResponse.m */ = {isa = PBXFileReference; fileEncoding = 4; lastKnownFileType = sourcecode.c.objc; path = HTTPErrorResponse.m; sourceTree = "<group>"; };
		1C8695BC1B0F0234006724E5 /* HTTPFileResponse.h */ = {isa = PBXFileReference; fileEncoding = 4; lastKnownFileType = sourcecode.c.h; path = HTTPFileResponse.h; sourceTree = "<group>"; };
		1C8695BD1B0F0234006724E5 /* HTTPFileResponse.m */ = {isa = PBXFileReference; fileEncoding = 4; lastKnownFileType = sourcecode.c.objc; path = HTTPFileResponse.m; sourceTree = "<group>"; };
		1C8695BE1B0F0234006724E5 /* HTTPRedirectResponse.h */ = {isa = PBXFileReference; fileEncoding = 4; lastKnownFileType = sourcecode.c.h; path = HTTPRedirectResponse.h; sourceTree = "<group>"; };
		1C8695BF1B0F0234006724E5 /* HTTPRedirectResponse.m */ = {isa = PBXFileReference; fileEncoding = 4; lastKnownFileType = sourcecode.c.objc; path = HTTPRedirectResponse.m; sourceTree = "<group>"; };
		1C8695C01B0F0234006724E5 /* WebSocket.h */ = {isa = PBXFileReference; fileEncoding = 4; lastKnownFileType = sourcecode.c.h; path = WebSocket.h; sourceTree = "<group>"; };
		1C8695C11B0F0234006724E5 /* WebSocket.m */ = {isa = PBXFileReference; fileEncoding = 4; lastKnownFileType = sourcecode.c.objc; path = WebSocket.m; sourceTree = "<group>"; };
		1C8695C31B0F0234006724E5 /* Console.h */ = {isa = PBXFileReference; fileEncoding = 4; lastKnownFileType = sourcecode.c.h; path = Console.h; sourceTree = "<group>"; };
		1C8695C41B0F0234006724E5 /* Console.m */ = {isa = PBXFileReference; fileEncoding = 4; lastKnownFileType = sourcecode.c.objc; path = Console.m; sourceTree = "<group>"; };
		1C8695C51B0F0234006724E5 /* NSStringConsoleExt.h */ = {isa = PBXFileReference; fileEncoding = 4; lastKnownFileType = sourcecode.c.h; path = NSStringConsoleExt.h; sourceTree = "<group>"; };
		1C8695C61B0F0234006724E5 /* NSStringConsoleExt.m */ = {isa = PBXFileReference; fileEncoding = 4; lastKnownFileType = sourcecode.c.objc; path = NSStringConsoleExt.m; sourceTree = "<group>"; };
		1C8695C71B0F0234006724E5 /* ResponseHandler.h */ = {isa = PBXFileReference; fileEncoding = 4; lastKnownFileType = sourcecode.c.h; path = ResponseHandler.h; sourceTree = "<group>"; };
		1C8695C81B0F0234006724E5 /* ResponseHandler.m */ = {isa = PBXFileReference; fileEncoding = 4; lastKnownFileType = sourcecode.c.objc; path = ResponseHandler.m; sourceTree = "<group>"; };
		1C8695C91B0F0234006724E5 /* UIViewConsoleExt.h */ = {isa = PBXFileReference; fileEncoding = 4; lastKnownFileType = sourcecode.c.h; path = UIViewConsoleExt.h; sourceTree = "<group>"; };
		1C8695CA1B0F0234006724E5 /* UIViewConsoleExt.m */ = {isa = PBXFileReference; fileEncoding = 4; lastKnownFileType = sourcecode.c.objc; path = UIViewConsoleExt.m; sourceTree = "<group>"; };
		1C8695CD1B0F0234006724E5 /* TestArray.m */ = {isa = PBXFileReference; fileEncoding = 4; lastKnownFileType = sourcecode.c.objc; path = TestArray.m; sourceTree = "<group>"; };
		1C8695CE1B0F0234006724E5 /* TestClass.m */ = {isa = PBXFileReference; fileEncoding = 4; lastKnownFileType = sourcecode.c.objc; path = TestClass.m; sourceTree = "<group>"; };
		1C8695CF1B0F0234006724E5 /* TestDate.m */ = {isa = PBXFileReference; fileEncoding = 4; lastKnownFileType = sourcecode.c.objc; path = TestDate.m; sourceTree = "<group>"; };
		1C8695D01B0F0234006724E5 /* TestDictionary.m */ = {isa = PBXFileReference; fileEncoding = 4; lastKnownFileType = sourcecode.c.objc; path = TestDictionary.m; sourceTree = "<group>"; };
		1C8695D11B0F0234006724E5 /* TestNumber.m */ = {isa = PBXFileReference; fileEncoding = 4; lastKnownFileType = sourcecode.c.objc; path = TestNumber.m; sourceTree = "<group>"; };
		1C8695D21B0F0234006724E5 /* TestObject.m */ = {isa = PBXFileReference; fileEncoding = 4; lastKnownFileType = sourcecode.c.objc; path = TestObject.m; sourceTree = "<group>"; };
		1C8695D31B0F0234006724E5 /* TestString.m */ = {isa = PBXFileReference; fileEncoding = 4; lastKnownFileType = sourcecode.c.objc; path = TestString.m; sourceTree = "<group>"; };
		1C8695D51B0F0234006724E5 /* TestSwift.swift */ = {isa = PBXFileReference; fileEncoding = 4; lastKnownFileType = sourcecode.swift; path = TestSwift.swift; sourceTree = "<group>"; };
		2B373F3719816EF800C91A9E /* TestApp.app */ = {isa = PBXFileReference; explicitFileType = wrapper.application; includeInIndex = 0; path = TestApp.app; sourceTree = BUILT_PRODUCTS_DIR; };
		2B373F3B19816EF800C91A9E /* Info.plist */ = {isa = PBXFileReference; lastKnownFileType = text.plist.xml; path = Info.plist; sourceTree = "<group>"; };
		2B373F3C19816EF800C91A9E /* AppDelegate.swift */ = {isa = PBXFileReference; lastKnownFileType = sourcecode.swift; path = AppDelegate.swift; sourceTree = "<group>"; };
		2B373F3E19816EF800C91A9E /* ViewController.swift */ = {isa = PBXFileReference; lastKnownFileType = sourcecode.swift; path = ViewController.swift; sourceTree = "<group>"; };
		2B373F4119816EF800C91A9E /* Base */ = {isa = PBXFileReference; lastKnownFileType = file.storyboard; name = Base; path = Base.lproj/Main.storyboard; sourceTree = "<group>"; };
		2B373F4319816EF800C91A9E /* Images.xcassets */ = {isa = PBXFileReference; lastKnownFileType = folder.assetcatalog; path = Images.xcassets; sourceTree = "<group>"; };
		2B373F4919816EF800C91A9E /* TestAppTests.xctest */ = {isa = PBXFileReference; explicitFileType = wrapper.cfbundle; includeInIndex = 0; path = TestAppTests.xctest; sourceTree = BUILT_PRODUCTS_DIR; };
		2B373F4E19816EF800C91A9E /* Info.plist */ = {isa = PBXFileReference; lastKnownFileType = text.plist.xml; path = Info.plist; sourceTree = "<group>"; };
		2B3740161981744900C91A9E /* Swicat-Bridging-Header.h */ = {isa = PBXFileReference; lastKnownFileType = sourcecode.c.h; path = "Swicat-Bridging-Header.h"; sourceTree = SOURCE_ROOT; };
		2B37408C1981770C00C91A9E /* README.md */ = {isa = PBXFileReference; fileEncoding = 4; lastKnownFileType = net.daringfireball.markdown; name = README.md; path = ../README.md; sourceTree = "<group>"; };
/* End PBXFileReference section */

/* Begin PBXFrameworksBuildPhase section */
		2B373F3419816EF800C91A9E /* Frameworks */ = {
			isa = PBXFrameworksBuildPhase;
			buildActionMask = 2147483647;
			files = (
			);
			runOnlyForDeploymentPostprocessing = 0;
		};
		2B373F4619816EF800C91A9E /* Frameworks */ = {
			isa = PBXFrameworksBuildPhase;
			buildActionMask = 2147483647;
			files = (
			);
			runOnlyForDeploymentPostprocessing = 0;
		};
/* End PBXFrameworksBuildPhase section */

/* Begin PBXGroup section */
		1C8695671B0F0234006724E5 /* swicat */ = {
			isa = PBXGroup;
			children = (
				1C8695681B0F0234006724E5 /* arccat */,
				1C8695841B0F0234006724E5 /* console */,
			);
			name = swicat;
			path = ../swicat;
			sourceTree = "<group>";
		};
		1C8695681B0F0234006724E5 /* arccat */ = {
			isa = PBXGroup;
			children = (
				1C8695691B0F0234006724E5 /* arccat.h */,
				1C86956A1B0F0234006724E5 /* Ext */,
				1C86957B1B0F0234006724E5 /* UI */,
				1C86957E1B0F0234006724E5 /* UnitTest */,
			);
			path = arccat;
			sourceTree = "<group>";
		};
		1C86956A1B0F0234006724E5 /* Ext */ = {
			isa = PBXGroup;
			children = (
				1C86956B1B0F0234006724E5 /* NSArrayExt.h */,
				1C86956C1B0F0234006724E5 /* NSArrayExt.m */,
				1C86956D1B0F0234006724E5 /* NSClassExt.h */,
				1C86956E1B0F0234006724E5 /* NSClassExt.m */,
				1C86956F1B0F0234006724E5 /* NSDateExt.h */,
				1C8695701B0F0234006724E5 /* NSDateExt.m */,
				1C8695711B0F0234006724E5 /* NSDictionaryExt.h */,
				1C8695721B0F0234006724E5 /* NSDictionaryExt.m */,
				1C8695731B0F0234006724E5 /* NSNumberExt.h */,
				1C8695741B0F0234006724E5 /* NSNumberExt.m */,
				1C8695751B0F0234006724E5 /* NSObjectExt.h */,
				1C8695761B0F0234006724E5 /* NSObjectExt.m */,
				1C8695771B0F0234006724E5 /* NSStringExt.h */,
				1C8695781B0F0234006724E5 /* NSStringExt.m */,
				1C8695791B0F0234006724E5 /* NSValueExt.h */,
				1C86957A1B0F0234006724E5 /* NSValueExt.m */,
			);
			path = Ext;
			sourceTree = "<group>";
		};
		1C86957B1B0F0234006724E5 /* UI */ = {
			isa = PBXGroup;
			children = (
				1C86957C1B0F0234006724E5 /* UnitTestUI.h */,
				1C86957D1B0F0234006724E5 /* UnitTestUI.m */,
			);
			path = UI;
			sourceTree = "<group>";
		};
		1C86957E1B0F0234006724E5 /* UnitTest */ = {
			isa = PBXGroup;
			children = (
				1C86957F1B0F0234006724E5 /* Logger.h */,
				1C8695801B0F0234006724E5 /* Logger.m */,
				1C8695811B0F0234006724E5 /* TestSuite.swift */,
				1C8695821B0F0234006724E5 /* UnitTest.h */,
				1C8695831B0F0234006724E5 /* UnitTest.m */,
			);
			path = UnitTest;
			sourceTree = "<group>";
		};
		1C8695841B0F0234006724E5 /* console */ = {
			isa = PBXGroup;
			children = (
				1C8695851B0F0234006724E5 /* CocoaHTTPServer */,
				1C8695C21B0F0234006724E5 /* Console */,
			);
			path = console;
			sourceTree = "<group>";
		};
		1C8695851B0F0234006724E5 /* CocoaHTTPServer */ = {
			isa = PBXGroup;
			children = (
				1C8695861B0F0234006724E5 /* CocoaAsyncSocket */,
				1C8695891B0F0234006724E5 /* CocoaLumberjack */,
				1C86959A1B0F0234006724E5 /* Core */,
			);
			path = CocoaHTTPServer;
			sourceTree = "<group>";
		};
		1C8695861B0F0234006724E5 /* CocoaAsyncSocket */ = {
			isa = PBXGroup;
			children = (
				1C8695871B0F0234006724E5 /* GCDAsyncSocket.h */,
				1C8695881B0F0234006724E5 /* GCDAsyncSocket.m */,
			);
			path = CocoaAsyncSocket;
			sourceTree = "<group>";
		};
		1C8695891B0F0234006724E5 /* CocoaLumberjack */ = {
			isa = PBXGroup;
			children = (
				1C86958A1B0F0234006724E5 /* DDAbstractDatabaseLogger.h */,
				1C86958B1B0F0234006724E5 /* DDAbstractDatabaseLogger.m */,
				1C86958C1B0F0234006724E5 /* DDASLLogger.h */,
				1C86958D1B0F0234006724E5 /* DDASLLogger.m */,
				1C86958E1B0F0234006724E5 /* DDFileLogger.h */,
				1C86958F1B0F0234006724E5 /* DDFileLogger.m */,
				1C8695901B0F0234006724E5 /* DDLog.h */,
				1C8695911B0F0234006724E5 /* DDLog.m */,
				1C8695921B0F0234006724E5 /* DDTTYLogger.h */,
				1C8695931B0F0234006724E5 /* DDTTYLogger.m */,
				1C8695941B0F0234006724E5 /* Extensions */,
			);
			path = CocoaLumberjack;
			sourceTree = "<group>";
		};
		1C8695941B0F0234006724E5 /* Extensions */ = {
			isa = PBXGroup;
			children = (
				1C8695951B0F0234006724E5 /* ContextFilterLogFormatter.h */,
				1C8695961B0F0234006724E5 /* ContextFilterLogFormatter.m */,
				1C8695971B0F0234006724E5 /* DispatchQueueLogFormatter.h */,
				1C8695981B0F0234006724E5 /* DispatchQueueLogFormatter.m */,
				1C8695991B0F0234006724E5 /* README.txt */,
			);
			path = Extensions;
			sourceTree = "<group>";
		};
		1C86959A1B0F0234006724E5 /* Core */ = {
			isa = PBXGroup;
			children = (
				1C86959B1B0F0234006724E5 /* Categories */,
				1C8695A21B0F0234006724E5 /* HTTPAuthenticationRequest.h */,
				1C8695A31B0F0234006724E5 /* HTTPAuthenticationRequest.m */,
				1C8695A41B0F0234006724E5 /* HTTPConnection.h */,
				1C8695A51B0F0234006724E5 /* HTTPConnection.m */,
				1C8695A61B0F0234006724E5 /* HTTPLogging.h */,
				1C8695A71B0F0234006724E5 /* HTTPMessage.h */,
				1C8695A81B0F0234006724E5 /* HTTPMessage.m */,
				1C8695A91B0F0234006724E5 /* HTTPResponse.h */,
				1C8695AA1B0F0234006724E5 /* HTTPServer.h */,
				1C8695AB1B0F0234006724E5 /* HTTPServer.m */,
				1C8695AC1B0F0234006724E5 /* Mime */,
				1C8695B31B0F0234006724E5 /* Responses */,
				1C8695C01B0F0234006724E5 /* WebSocket.h */,
				1C8695C11B0F0234006724E5 /* WebSocket.m */,
			);
			path = Core;
			sourceTree = "<group>";
		};
		1C86959B1B0F0234006724E5 /* Categories */ = {
			isa = PBXGroup;
			children = (
				1C86959C1B0F0234006724E5 /* DDData.h */,
				1C86959D1B0F0234006724E5 /* DDData.m */,
				1C86959E1B0F0234006724E5 /* DDNumber.h */,
				1C86959F1B0F0234006724E5 /* DDNumber.m */,
				1C8695A01B0F0234006724E5 /* DDRange.h */,
				1C8695A11B0F0234006724E5 /* DDRange.m */,
			);
			path = Categories;
			sourceTree = "<group>";
		};
		1C8695AC1B0F0234006724E5 /* Mime */ = {
			isa = PBXGroup;
			children = (
				1C8695AD1B0F0234006724E5 /* MultipartFormDataParser.h */,
				1C8695AE1B0F0234006724E5 /* MultipartFormDataParser.m */,
				1C8695AF1B0F0234006724E5 /* MultipartMessageHeader.h */,
				1C8695B01B0F0234006724E5 /* MultipartMessageHeader.m */,
				1C8695B11B0F0234006724E5 /* MultipartMessageHeaderField.h */,
				1C8695B21B0F0234006724E5 /* MultipartMessageHeaderField.m */,
			);
			path = Mime;
			sourceTree = "<group>";
		};
		1C8695B31B0F0234006724E5 /* Responses */ = {
			isa = PBXGroup;
			children = (
				1C8695B41B0F0234006724E5 /* HTTPAsyncFileResponse.h */,
				1C8695B51B0F0234006724E5 /* HTTPAsyncFileResponse.m */,
				1C8695B61B0F0234006724E5 /* HTTPDataResponse.h */,
				1C8695B71B0F0234006724E5 /* HTTPDataResponse.m */,
				1C8695B81B0F0234006724E5 /* HTTPDynamicFileResponse.h */,
				1C8695B91B0F0234006724E5 /* HTTPDynamicFileResponse.m */,
				1C8695BA1B0F0234006724E5 /* HTTPErrorResponse.h */,
				1C8695BB1B0F0234006724E5 /* HTTPErrorResponse.m */,
				1C8695BC1B0F0234006724E5 /* HTTPFileResponse.h */,
				1C8695BD1B0F0234006724E5 /* HTTPFileResponse.m */,
				1C8695BE1B0F0234006724E5 /* HTTPRedirectResponse.h */,
				1C8695BF1B0F0234006724E5 /* HTTPRedirectResponse.m */,
			);
			path = Responses;
			sourceTree = "<group>";
		};
		1C8695C21B0F0234006724E5 /* Console */ = {
			isa = PBXGroup;
			children = (
				1C8695C31B0F0234006724E5 /* Console.h */,
				1C8695C41B0F0234006724E5 /* Console.m */,
				1C8695C51B0F0234006724E5 /* NSStringConsoleExt.h */,
				1C8695C61B0F0234006724E5 /* NSStringConsoleExt.m */,
				1C8695C71B0F0234006724E5 /* ResponseHandler.h */,
				1C8695C81B0F0234006724E5 /* ResponseHandler.m */,
				1C8695C91B0F0234006724E5 /* UIViewConsoleExt.h */,
				1C8695CA1B0F0234006724E5 /* UIViewConsoleExt.m */,
			);
			path = Console;
			sourceTree = "<group>";
		};
		1C8695CB1B0F0234006724E5 /* TestCases */ = {
			isa = PBXGroup;
			children = (
				1C8695CC1B0F0234006724E5 /* ObjectiveCTestCases */,
				1C8695D41B0F0234006724E5 /* SwiftTestCases */,
			);
			name = TestCases;
			path = ../TestCases;
			sourceTree = "<group>";
		};
		1C8695CC1B0F0234006724E5 /* ObjectiveCTestCases */ = {
			isa = PBXGroup;
			children = (
				1C8695CD1B0F0234006724E5 /* TestArray.m */,
				1C8695CE1B0F0234006724E5 /* TestClass.m */,
				1C8695CF1B0F0234006724E5 /* TestDate.m */,
				1C8695D01B0F0234006724E5 /* TestDictionary.m */,
				1C8695D11B0F0234006724E5 /* TestNumber.m */,
				1C8695D21B0F0234006724E5 /* TestObject.m */,
				1C8695D31B0F0234006724E5 /* TestString.m */,
			);
			path = ObjectiveCTestCases;
			sourceTree = "<group>";
		};
		1C8695D41B0F0234006724E5 /* SwiftTestCases */ = {
			isa = PBXGroup;
			children = (
				1C8695D51B0F0234006724E5 /* TestSwift.swift */,
			);
			path = SwiftTestCases;
			sourceTree = "<group>";
		};
		2B373F2E19816EF800C91A9E = {
			isa = PBXGroup;
			children = (
				2B37408C1981770C00C91A9E /* README.md */,
				1C8695671B0F0234006724E5 /* swicat */,
				1C8695CB1B0F0234006724E5 /* TestCases */,
				2B373F3919816EF800C91A9E /* TestApp */,
				2B373F4C19816EF800C91A9E /* TestAppTests */,
				2B373F3819816EF800C91A9E /* Products */,
			);
			sourceTree = "<group>";
		};
		2B373F3819816EF800C91A9E /* Products */ = {
			isa = PBXGroup;
			children = (
				2B373F3719816EF800C91A9E /* TestApp.app */,
				2B373F4919816EF800C91A9E /* TestAppTests.xctest */,
			);
			name = Products;
			sourceTree = "<group>";
		};
		2B373F3919816EF800C91A9E /* TestApp */ = {
			isa = PBXGroup;
			children = (
				2B3740161981744900C91A9E /* Swicat-Bridging-Header.h */,
				2B373F3C19816EF800C91A9E /* AppDelegate.swift */,
				2B373F3E19816EF800C91A9E /* ViewController.swift */,
				2B373F4019816EF800C91A9E /* Main.storyboard */,
				2B373F4319816EF800C91A9E /* Images.xcassets */,
				2B373F3A19816EF800C91A9E /* Supporting Files */,
			);
			path = TestApp;
			sourceTree = "<group>";
		};
		2B373F3A19816EF800C91A9E /* Supporting Files */ = {
			isa = PBXGroup;
			children = (
				2B373F3B19816EF800C91A9E /* Info.plist */,
			);
			name = "Supporting Files";
			sourceTree = "<group>";
		};
		2B373F4C19816EF800C91A9E /* TestAppTests */ = {
			isa = PBXGroup;
			children = (
				2B373F4D19816EF800C91A9E /* Supporting Files */,
			);
			path = TestAppTests;
			sourceTree = "<group>";
		};
		2B373F4D19816EF800C91A9E /* Supporting Files */ = {
			isa = PBXGroup;
			children = (
				2B373F4E19816EF800C91A9E /* Info.plist */,
			);
			name = "Supporting Files";
			sourceTree = "<group>";
		};
/* End PBXGroup section */

/* Begin PBXNativeTarget section */
		2B373F3619816EF800C91A9E /* TestApp */ = {
			isa = PBXNativeTarget;
			buildConfigurationList = 2B373F5319816EF800C91A9E /* Build configuration list for PBXNativeTarget "TestApp" */;
			buildPhases = (
				2B373F3319816EF800C91A9E /* Sources */,
				2B373F3419816EF800C91A9E /* Frameworks */,
				2B373F3519816EF800C91A9E /* Resources */,
			);
			buildRules = (
			);
			dependencies = (
			);
			name = TestApp;
			productName = TestApp;
			productReference = 2B373F3719816EF800C91A9E /* TestApp.app */;
			productType = "com.apple.product-type.application";
		};
		2B373F4819816EF800C91A9E /* TestAppTests */ = {
			isa = PBXNativeTarget;
			buildConfigurationList = 2B373F5619816EF800C91A9E /* Build configuration list for PBXNativeTarget "TestAppTests" */;
			buildPhases = (
				2B373F4519816EF800C91A9E /* Sources */,
				2B373F4619816EF800C91A9E /* Frameworks */,
				2B373F4719816EF800C91A9E /* Resources */,
			);
			buildRules = (
			);
			dependencies = (
				2B373F4B19816EF800C91A9E /* PBXTargetDependency */,
			);
			name = TestAppTests;
			productName = TestAppTests;
			productReference = 2B373F4919816EF800C91A9E /* TestAppTests.xctest */;
			productType = "com.apple.product-type.bundle.unit-test";
		};
/* End PBXNativeTarget section */

/* Begin PBXProject section */
		2B373F2F19816EF800C91A9E /* Project object */ = {
			isa = PBXProject;
			attributes = {
				LastSwiftUpdateCheck = 0700;
				LastUpgradeCheck = 0700;
				ORGANIZATIONNAME = factorcat;
				TargetAttributes = {
					2B373F3619816EF800C91A9E = {
						CreatedOnToolsVersion = 6.0;
					};
					2B373F4819816EF800C91A9E = {
						CreatedOnToolsVersion = 6.0;
						TestTargetID = 2B373F3619816EF800C91A9E;
					};
				};
			};
			buildConfigurationList = 2B373F3219816EF800C91A9E /* Build configuration list for PBXProject "TestApp" */;
			compatibilityVersion = "Xcode 3.2";
			developmentRegion = English;
			hasScannedForEncodings = 0;
			knownRegions = (
				en,
				Base,
			);
			mainGroup = 2B373F2E19816EF800C91A9E;
			productRefGroup = 2B373F3819816EF800C91A9E /* Products */;
			projectDirPath = "";
			projectRoot = "";
			targets = (
				2B373F3619816EF800C91A9E /* TestApp */,
				2B373F4819816EF800C91A9E /* TestAppTests */,
			);
		};
/* End PBXProject section */

/* Begin PBXResourcesBuildPhase section */
		2B373F3519816EF800C91A9E /* Resources */ = {
			isa = PBXResourcesBuildPhase;
			buildActionMask = 2147483647;
			files = (
				2B373F4219816EF800C91A9E /* Main.storyboard in Resources */,
				1C8695FF1B0F0234006724E5 /* README.txt in Resources */,
				2B373F4419816EF800C91A9E /* Images.xcassets in Resources */,
			);
			runOnlyForDeploymentPostprocessing = 0;
		};
		2B373F4719816EF800C91A9E /* Resources */ = {
			isa = PBXResourcesBuildPhase;
			buildActionMask = 2147483647;
			files = (
				1C8696001B0F0234006724E5 /* README.txt in Resources */,
			);
			runOnlyForDeploymentPostprocessing = 0;
		};
/* End PBXResourcesBuildPhase section */

/* Begin PBXSourcesBuildPhase section */
		2B373F3319816EF800C91A9E /* Sources */ = {
			isa = PBXSourcesBuildPhase;
			buildActionMask = 2147483647;
			files = (
				1C86961F1B0F0234006724E5 /* HTTPRedirectResponse.m in Sources */,
				1C8696051B0F0234006724E5 /* DDRange.m in Sources */,
				1C8695DF1B0F0234006724E5 /* NSNumberExt.m in Sources */,
				1C8696351B0F0234006724E5 /* TestObject.m in Sources */,
				1C86960D1B0F0234006724E5 /* HTTPServer.m in Sources */,
				1C8695F91B0F0234006724E5 /* DDTTYLogger.m in Sources */,
				1C8696011B0F0234006724E5 /* DDData.m in Sources */,
				1C8695E11B0F0234006724E5 /* NSObjectExt.m in Sources */,
				1C8695DD1B0F0234006724E5 /* NSDictionaryExt.m in Sources */,
				1C86961D1B0F0234006724E5 /* HTTPFileResponse.m in Sources */,
				2B373F3F19816EF800C91A9E /* ViewController.swift in Sources */,
				1C8695DB1B0F0234006724E5 /* NSDateExt.m in Sources */,
				1C86960F1B0F0234006724E5 /* MultipartFormDataParser.m in Sources */,
				1C8695D71B0F0234006724E5 /* NSArrayExt.m in Sources */,
				1C8696271B0F0234006724E5 /* ResponseHandler.m in Sources */,
				1C8696251B0F0234006724E5 /* NSStringConsoleExt.m in Sources */,
				1C8696071B0F0234006724E5 /* HTTPAuthenticationRequest.m in Sources */,
				1C8696191B0F0234006724E5 /* HTTPDynamicFileResponse.m in Sources */,
				1C8696231B0F0234006724E5 /* Console.m in Sources */,
				1C8696131B0F0234006724E5 /* MultipartMessageHeaderField.m in Sources */,
				1C8695F11B0F0234006724E5 /* DDAbstractDatabaseLogger.m in Sources */,
				1C8696171B0F0234006724E5 /* HTTPDataResponse.m in Sources */,
				1C8695FB1B0F0234006724E5 /* ContextFilterLogFormatter.m in Sources */,
				1C8695F51B0F0234006724E5 /* DDFileLogger.m in Sources */,
				1C86960B1B0F0234006724E5 /* HTTPMessage.m in Sources */,
				1C86961B1B0F0234006724E5 /* HTTPErrorResponse.m in Sources */,
				1C8696311B0F0234006724E5 /* TestDictionary.m in Sources */,
				1C86962F1B0F0234006724E5 /* TestDate.m in Sources */,
				1C8696371B0F0234006724E5 /* TestString.m in Sources */,
				1C86962B1B0F0234006724E5 /* TestArray.m in Sources */,
				1C8696151B0F0234006724E5 /* HTTPAsyncFileResponse.m in Sources */,
				1C8695EF1B0F0234006724E5 /* GCDAsyncSocket.m in Sources */,
				1C8695E51B0F0234006724E5 /* NSValueExt.m in Sources */,
				1C8696291B0F0234006724E5 /* UIViewConsoleExt.m in Sources */,
				1C8696331B0F0234006724E5 /* TestNumber.m in Sources */,
				1C86962D1B0F0234006724E5 /* TestClass.m in Sources */,
				1C8695E91B0F0234006724E5 /* Logger.m in Sources */,
				1C8696211B0F0234006724E5 /* WebSocket.m in Sources */,
				1C8696031B0F0234006724E5 /* DDNumber.m in Sources */,
				2B373F3D19816EF800C91A9E /* AppDelegate.swift in Sources */,
				1C8695F31B0F0234006724E5 /* DDASLLogger.m in Sources */,
				1C8696091B0F0234006724E5 /* HTTPConnection.m in Sources */,
				1C8696391B0F0234006724E5 /* TestSwift.swift in Sources */,
				1C8695E31B0F0234006724E5 /* NSStringExt.m in Sources */,
				1C8695EB1B0F0234006724E5 /* TestSuite.swift in Sources */,
				1C8695E71B0F0234006724E5 /* UnitTestUI.m in Sources */,
				1C8695D91B0F0234006724E5 /* NSClassExt.m in Sources */,
				1C8696111B0F0234006724E5 /* MultipartMessageHeader.m in Sources */,
				1C8695FD1B0F0234006724E5 /* DispatchQueueLogFormatter.m in Sources */,
				1C8695ED1B0F0234006724E5 /* UnitTest.m in Sources */,
				1C8695F71B0F0234006724E5 /* DDLog.m in Sources */,
			);
			runOnlyForDeploymentPostprocessing = 0;
		};
		2B373F4519816EF800C91A9E /* Sources */ = {
			isa = PBXSourcesBuildPhase;
			buildActionMask = 2147483647;
			files = (
				1C8696141B0F0234006724E5 /* MultipartMessageHeaderField.m in Sources */,
				1C86963A1B0F0234006724E5 /* TestSwift.swift in Sources */,
				1C8696081B0F0234006724E5 /* HTTPAuthenticationRequest.m in Sources */,
				1C8696181B0F0234006724E5 /* HTTPDataResponse.m in Sources */,
				1C8695F41B0F0234006724E5 /* DDASLLogger.m in Sources */,
				1C86961E1B0F0234006724E5 /* HTTPFileResponse.m in Sources */,
				1C8695EA1B0F0234006724E5 /* Logger.m in Sources */,
				1C8695DE1B0F0234006724E5 /* NSDictionaryExt.m in Sources */,
				1C8695FC1B0F0234006724E5 /* ContextFilterLogFormatter.m in Sources */,
				1C8695FE1B0F0234006724E5 /* DispatchQueueLogFormatter.m in Sources */,
				1C8696321B0F0234006724E5 /* TestDictionary.m in Sources */,
				1C8695E41B0F0234006724E5 /* NSStringExt.m in Sources */,
				1C8695D81B0F0234006724E5 /* NSArrayExt.m in Sources */,
				1C8696221B0F0234006724E5 /* WebSocket.m in Sources */,
				1C8696021B0F0234006724E5 /* DDData.m in Sources */,
				1C8696241B0F0234006724E5 /* Console.m in Sources */,
				1C86960A1B0F0234006724E5 /* HTTPConnection.m in Sources */,
				1C8696201B0F0234006724E5 /* HTTPRedirectResponse.m in Sources */,
				1C86962A1B0F0234006724E5 /* UIViewConsoleExt.m in Sources */,
				1C86960C1B0F0234006724E5 /* HTTPMessage.m in Sources */,
				1C8695E61B0F0234006724E5 /* NSValueExt.m in Sources */,
				1C8696061B0F0234006724E5 /* DDRange.m in Sources */,
				1C8696341B0F0234006724E5 /* TestNumber.m in Sources */,
				1C8696381B0F0234006724E5 /* TestString.m in Sources */,
				1C8696041B0F0234006724E5 /* DDNumber.m in Sources */,
				1C8695F81B0F0234006724E5 /* DDLog.m in Sources */,
				1C8696121B0F0234006724E5 /* MultipartMessageHeader.m in Sources */,
				1C8695DA1B0F0234006724E5 /* NSClassExt.m in Sources */,
				1C8695EE1B0F0234006724E5 /* UnitTest.m in Sources */,
				1C86962C1B0F0234006724E5 /* TestArray.m in Sources */,
				1C8695E21B0F0234006724E5 /* NSObjectExt.m in Sources */,
				1C8696301B0F0234006724E5 /* TestDate.m in Sources */,
				1C8695E01B0F0234006724E5 /* NSNumberExt.m in Sources */,
				1C86961A1B0F0234006724E5 /* HTTPDynamicFileResponse.m in Sources */,
				1C8695EC1B0F0234006724E5 /* TestSuite.swift in Sources */,
				1C8695F61B0F0234006724E5 /* DDFileLogger.m in Sources */,
				1C8695DC1B0F0234006724E5 /* NSDateExt.m in Sources */,
				1C86962E1B0F0234006724E5 /* TestClass.m in Sources */,
				1C8696101B0F0234006724E5 /* MultipartFormDataParser.m in Sources */,
				1C8695FA1B0F0234006724E5 /* DDTTYLogger.m in Sources */,
				1C8696281B0F0234006724E5 /* ResponseHandler.m in Sources */,
				1C8695F01B0F0234006724E5 /* GCDAsyncSocket.m in Sources */,
				1C86961C1B0F0234006724E5 /* HTTPErrorResponse.m in Sources */,
				1C8696261B0F0234006724E5 /* NSStringConsoleExt.m in Sources */,
				1C8695E81B0F0234006724E5 /* UnitTestUI.m in Sources */,
				1C86960E1B0F0234006724E5 /* HTTPServer.m in Sources */,
				1C8695F21B0F0234006724E5 /* DDAbstractDatabaseLogger.m in Sources */,
				1C8696361B0F0234006724E5 /* TestObject.m in Sources */,
				1C8696161B0F0234006724E5 /* HTTPAsyncFileResponse.m in Sources */,
			);
			runOnlyForDeploymentPostprocessing = 0;
		};
/* End PBXSourcesBuildPhase section */

/* Begin PBXTargetDependency section */
		2B373F4B19816EF800C91A9E /* PBXTargetDependency */ = {
			isa = PBXTargetDependency;
			target = 2B373F3619816EF800C91A9E /* TestApp */;
			targetProxy = 2B373F4A19816EF800C91A9E /* PBXContainerItemProxy */;
		};
/* End PBXTargetDependency section */

/* Begin PBXVariantGroup section */
		2B373F4019816EF800C91A9E /* Main.storyboard */ = {
			isa = PBXVariantGroup;
			children = (
				2B373F4119816EF800C91A9E /* Base */,
			);
			name = Main.storyboard;
			sourceTree = "<group>";
		};
/* End PBXVariantGroup section */

/* Begin XCBuildConfiguration section */
		2B373F5119816EF800C91A9E /* Debug */ = {
			isa = XCBuildConfiguration;
			buildSettings = {
				ALWAYS_SEARCH_USER_PATHS = NO;
				CLANG_CXX_LANGUAGE_STANDARD = "gnu++0x";
				CLANG_CXX_LIBRARY = "libc++";
				CLANG_ENABLE_MODULES = YES;
				CLANG_ENABLE_OBJC_ARC = YES;
				CLANG_WARN_BOOL_CONVERSION = YES;
				CLANG_WARN_CONSTANT_CONVERSION = YES;
				CLANG_WARN_DIRECT_OBJC_ISA_USAGE = YES_ERROR;
				CLANG_WARN_EMPTY_BODY = YES;
				CLANG_WARN_ENUM_CONVERSION = YES;
				CLANG_WARN_INT_CONVERSION = YES;
				CLANG_WARN_OBJC_ROOT_CLASS = YES_ERROR;
				CLANG_WARN_UNREACHABLE_CODE = YES;
				CLANG_WARN__DUPLICATE_METHOD_MATCH = YES;
				"CODE_SIGN_IDENTITY[sdk=iphoneos*]" = "iPhone Developer";
				COPY_PHASE_STRIP = NO;
				ENABLE_STRICT_OBJC_MSGSEND = YES;
				ENABLE_TESTABILITY = YES;
				GCC_C_LANGUAGE_STANDARD = gnu99;
				GCC_DYNAMIC_NO_PIC = NO;
				GCC_OPTIMIZATION_LEVEL = 0;
				GCC_PREPROCESSOR_DEFINITIONS = (
					"DEBUG=1",
					"$(inherited)",
				);
				GCC_SYMBOLS_PRIVATE_EXTERN = NO;
				GCC_WARN_64_TO_32_BIT_CONVERSION = YES;
				GCC_WARN_ABOUT_RETURN_TYPE = YES_ERROR;
				GCC_WARN_UNDECLARED_SELECTOR = YES;
				GCC_WARN_UNINITIALIZED_AUTOS = YES_AGGRESSIVE;
				GCC_WARN_UNUSED_FUNCTION = YES;
				GCC_WARN_UNUSED_VARIABLE = YES;
				IPHONEOS_DEPLOYMENT_TARGET = 8.0;
				MTL_ENABLE_DEBUG_INFO = YES;
				ONLY_ACTIVE_ARCH = YES;
				SDKROOT = iphoneos;
				SWIFT_OPTIMIZATION_LEVEL = "-Onone";
				TARGETED_DEVICE_FAMILY = "1,2";
			};
			name = Debug;
		};
		2B373F5219816EF800C91A9E /* Release */ = {
			isa = XCBuildConfiguration;
			buildSettings = {
				ALWAYS_SEARCH_USER_PATHS = NO;
				CLANG_CXX_LANGUAGE_STANDARD = "gnu++0x";
				CLANG_CXX_LIBRARY = "libc++";
				CLANG_ENABLE_MODULES = YES;
				CLANG_ENABLE_OBJC_ARC = YES;
				CLANG_WARN_BOOL_CONVERSION = YES;
				CLANG_WARN_CONSTANT_CONVERSION = YES;
				CLANG_WARN_DIRECT_OBJC_ISA_USAGE = YES_ERROR;
				CLANG_WARN_EMPTY_BODY = YES;
				CLANG_WARN_ENUM_CONVERSION = YES;
				CLANG_WARN_INT_CONVERSION = YES;
				CLANG_WARN_OBJC_ROOT_CLASS = YES_ERROR;
				CLANG_WARN_UNREACHABLE_CODE = YES;
				CLANG_WARN__DUPLICATE_METHOD_MATCH = YES;
				"CODE_SIGN_IDENTITY[sdk=iphoneos*]" = "iPhone Developer";
				COPY_PHASE_STRIP = YES;
				ENABLE_NS_ASSERTIONS = NO;
				ENABLE_STRICT_OBJC_MSGSEND = YES;
				GCC_C_LANGUAGE_STANDARD = gnu99;
				GCC_WARN_64_TO_32_BIT_CONVERSION = YES;
				GCC_WARN_ABOUT_RETURN_TYPE = YES_ERROR;
				GCC_WARN_UNDECLARED_SELECTOR = YES;
				GCC_WARN_UNINITIALIZED_AUTOS = YES_AGGRESSIVE;
				GCC_WARN_UNUSED_FUNCTION = YES;
				GCC_WARN_UNUSED_VARIABLE = YES;
				IPHONEOS_DEPLOYMENT_TARGET = 8.0;
				MTL_ENABLE_DEBUG_INFO = NO;
				SDKROOT = iphoneos;
				TARGETED_DEVICE_FAMILY = "1,2";
				VALIDATE_PRODUCT = YES;
			};
			name = Release;
		};
		2B373F5419816EF800C91A9E /* Debug */ = {
			isa = XCBuildConfiguration;
			buildSettings = {
				ASSETCATALOG_COMPILER_APPICON_NAME = AppIcon;
				ASSETCATALOG_COMPILER_LAUNCHIMAGE_NAME = LaunchImage;
				ENABLE_STRICT_OBJC_MSGSEND = NO;
				INFOPLIST_FILE = TestApp/Info.plist;
				LD_RUNPATH_SEARCH_PATHS = "$(inherited) @executable_path/Frameworks";
				PRODUCT_BUNDLE_IDENTIFIER = "com.factor.${PRODUCT_NAME:rfc1034identifier}";
				PRODUCT_NAME = "$(TARGET_NAME)";
				SWIFT_OBJC_BRIDGING_HEADER = "Swicat-Bridging-Header.h";
			};
			name = Debug;
		};
		2B373F5519816EF800C91A9E /* Release */ = {
			isa = XCBuildConfiguration;
			buildSettings = {
				ASSETCATALOG_COMPILER_APPICON_NAME = AppIcon;
				ASSETCATALOG_COMPILER_LAUNCHIMAGE_NAME = LaunchImage;
				ENABLE_STRICT_OBJC_MSGSEND = NO;
				INFOPLIST_FILE = TestApp/Info.plist;
				LD_RUNPATH_SEARCH_PATHS = "$(inherited) @executable_path/Frameworks";
				PRODUCT_BUNDLE_IDENTIFIER = "com.factor.${PRODUCT_NAME:rfc1034identifier}";
				PRODUCT_NAME = "$(TARGET_NAME)";
				SWIFT_OBJC_BRIDGING_HEADER = "Swicat-Bridging-Header.h";
			};
			name = Release;
		};
		2B373F5719816EF800C91A9E /* Debug */ = {
			isa = XCBuildConfiguration;
			buildSettings = {
				BUNDLE_LOADER = "$(BUILT_PRODUCTS_DIR)/TestApp.app/TestApp";
				ENABLE_STRICT_OBJC_MSGSEND = NO;
				FRAMEWORK_SEARCH_PATHS = (
					"$(SDKROOT)/Developer/Library/Frameworks",
					"$(inherited)",
				);
				GCC_PREPROCESSOR_DEFINITIONS = (
					"DEBUG=1",
					"$(inherited)",
				);
				INFOPLIST_FILE = TestAppTests/Info.plist;
				LD_RUNPATH_SEARCH_PATHS = "$(inherited) @executable_path/Frameworks @loader_path/Frameworks";
				PRODUCT_BUNDLE_IDENTIFIER = "com.factor.${PRODUCT_NAME:rfc1034identifier}";
				PRODUCT_NAME = "$(TARGET_NAME)";
				SWIFT_OBJC_BRIDGING_HEADER = "Swicat-Bridging-Header.h";
				TEST_HOST = "$(BUNDLE_LOADER)";
			};
			name = Debug;
		};
		2B373F5819816EF800C91A9E /* Release */ = {
			isa = XCBuildConfiguration;
			buildSettings = {
				BUNDLE_LOADER = "$(BUILT_PRODUCTS_DIR)/TestApp.app/TestApp";
				ENABLE_STRICT_OBJC_MSGSEND = NO;
				FRAMEWORK_SEARCH_PATHS = (
					"$(SDKROOT)/Developer/Library/Frameworks",
					"$(inherited)",
				);
				INFOPLIST_FILE = TestAppTests/Info.plist;
				LD_RUNPATH_SEARCH_PATHS = "$(inherited) @executable_path/Frameworks @loader_path/Frameworks";
				PRODUCT_BUNDLE_IDENTIFIER = "com.factor.${PRODUCT_NAME:rfc1034identifier}";
				PRODUCT_NAME = "$(TARGET_NAME)";
				SWIFT_OBJC_BRIDGING_HEADER = "Swicat-Bridging-Header.h";
				TEST_HOST = "$(BUNDLE_LOADER)";
			};
			name = Release;
		};
/* End XCBuildConfiguration section */

/* Begin XCConfigurationList section */
		2B373F3219816EF800C91A9E /* Build configuration list for PBXProject "TestApp" */ = {
			isa = XCConfigurationList;
			buildConfigurations = (
				2B373F5119816EF800C91A9E /* Debug */,
				2B373F5219816EF800C91A9E /* Release */,
			);
			defaultConfigurationIsVisible = 0;
			defaultConfigurationName = Release;
		};
		2B373F5319816EF800C91A9E /* Build configuration list for PBXNativeTarget "TestApp" */ = {
			isa = XCConfigurationList;
			buildConfigurations = (
				2B373F5419816EF800C91A9E /* Debug */,
				2B373F5519816EF800C91A9E /* Release */,
			);
			defaultConfigurationIsVisible = 0;
			defaultConfigurationName = Release;
		};
		2B373F5619816EF800C91A9E /* Build configuration list for PBXNativeTarget "TestAppTests" */ = {
			isa = XCConfigurationList;
			buildConfigurations = (
				2B373F5719816EF800C91A9E /* Debug */,
				2B373F5819816EF800C91A9E /* Release */,
			);
			defaultConfigurationIsVisible = 0;
			defaultConfigurationName = Release;
		};
/* End XCConfigurationList section */
	};
	rootObject = 2B373F2F19816EF800C91A9E /* Project object */;
}
